// !$*UTF8*$!
{
	archiveVersion = 1;
	classes = {
	};
	objectVersion = 46;
	objects = {

/* Begin PBXBuildFile section */
		0873FF47164AFFB1002323AA /* AbstractMappableObject.h in Headers */ = {isa = PBXBuildFile; fileRef = 0873FF44164AFFB1002323AA /* AbstractMappableObject.h */; };
		0873FF48164AFFB1002323AA /* AbstractMappableObject.h in Headers */ = {isa = PBXBuildFile; fileRef = 0873FF44164AFFB1002323AA /* AbstractMappableObject.h */; };
		0873FF49164AFFB1002323AA /* AbstractMappableObject.m in Sources */ = {isa = PBXBuildFile; fileRef = 0873FF45164AFFB1002323AA /* AbstractMappableObject.m */; };
		0873FF4A164AFFB1002323AA /* AbstractMappableObject.m in Sources */ = {isa = PBXBuildFile; fileRef = 0873FF45164AFFB1002323AA /* AbstractMappableObject.m */; };
		0873FF4B164AFFB1002323AA /* AbstractMappableObject.m in Sources */ = {isa = PBXBuildFile; fileRef = 0873FF45164AFFB1002323AA /* AbstractMappableObject.m */; };
		0873FF4C164AFFB1002323AA /* AbstractMappableObject.m in Sources */ = {isa = PBXBuildFile; fileRef = 0873FF45164AFFB1002323AA /* AbstractMappableObject.m */; };
		0873FF4D164AFFB1002323AA /* MappableObject.h in Headers */ = {isa = PBXBuildFile; fileRef = 0873FF46164AFFB1002323AA /* MappableObject.h */; };
		0873FF4E164AFFB1002323AA /* MappableObject.h in Headers */ = {isa = PBXBuildFile; fileRef = 0873FF46164AFFB1002323AA /* MappableObject.h */; };
		0873FF51164B00A6002323AA /* RestKitLogging.h in Headers */ = {isa = PBXBuildFile; fileRef = 0873FF50164B00A6002323AA /* RestKitLogging.h */; };
		0873FF52164B00A6002323AA /* RestKitLogging.h in Headers */ = {isa = PBXBuildFile; fileRef = 0873FF50164B00A6002323AA /* RestKitLogging.h */; };
		0873FF55164B084C002323AA /* RKJSONParserNSJSON.h in Headers */ = {isa = PBXBuildFile; fileRef = 0873FF53164B084C002323AA /* RKJSONParserNSJSON.h */; };
		0873FF56164B084C002323AA /* RKJSONParserNSJSON.h in Headers */ = {isa = PBXBuildFile; fileRef = 0873FF53164B084C002323AA /* RKJSONParserNSJSON.h */; };
		0873FF57164B084C002323AA /* RKJSONParserNSJSON.m in Sources */ = {isa = PBXBuildFile; fileRef = 0873FF54164B084C002323AA /* RKJSONParserNSJSON.m */; };
		0873FF58164B084C002323AA /* RKJSONParserNSJSON.m in Sources */ = {isa = PBXBuildFile; fileRef = 0873FF54164B084C002323AA /* RKJSONParserNSJSON.m */; };
		0873FF59164B084C002323AA /* RKJSONParserNSJSON.m in Sources */ = {isa = PBXBuildFile; fileRef = 0873FF54164B084C002323AA /* RKJSONParserNSJSON.m */; };
		0873FF5A164B084C002323AA /* RKJSONParserNSJSON.m in Sources */ = {isa = PBXBuildFile; fileRef = 0873FF54164B084C002323AA /* RKJSONParserNSJSON.m */; };
		08C71B72164ACFEB001C0B80 /* RKConfigurationDelegate.h in Headers */ = {isa = PBXBuildFile; fileRef = 08C71B38164ACFEB001C0B80 /* RKConfigurationDelegate.h */; };
		08C71B73164ACFEB001C0B80 /* RKConfigurationDelegate.h in Headers */ = {isa = PBXBuildFile; fileRef = 08C71B38164ACFEB001C0B80 /* RKConfigurationDelegate.h */; };
		08C71B74164ACFEB001C0B80 /* RKDynamicObjectMapping.h in Headers */ = {isa = PBXBuildFile; fileRef = 08C71B39164ACFEB001C0B80 /* RKDynamicObjectMapping.h */; };
		08C71B75164ACFEB001C0B80 /* RKDynamicObjectMapping.h in Headers */ = {isa = PBXBuildFile; fileRef = 08C71B39164ACFEB001C0B80 /* RKDynamicObjectMapping.h */; };
		08C71B76164ACFEB001C0B80 /* RKDynamicObjectMapping.m in Sources */ = {isa = PBXBuildFile; fileRef = 08C71B3A164ACFEB001C0B80 /* RKDynamicObjectMapping.m */; };
		08C71B77164ACFEB001C0B80 /* RKDynamicObjectMapping.m in Sources */ = {isa = PBXBuildFile; fileRef = 08C71B3A164ACFEB001C0B80 /* RKDynamicObjectMapping.m */; };
		08C71B78164ACFEB001C0B80 /* RKDynamicObjectMapping.m in Sources */ = {isa = PBXBuildFile; fileRef = 08C71B3A164ACFEB001C0B80 /* RKDynamicObjectMapping.m */; };
		08C71B79164ACFEB001C0B80 /* RKDynamicObjectMapping.m in Sources */ = {isa = PBXBuildFile; fileRef = 08C71B3A164ACFEB001C0B80 /* RKDynamicObjectMapping.m */; };
		08C71B7A164ACFEB001C0B80 /* RKDynamicObjectMappingMatcher.h in Headers */ = {isa = PBXBuildFile; fileRef = 08C71B3B164ACFEB001C0B80 /* RKDynamicObjectMappingMatcher.h */; };
		08C71B7B164ACFEB001C0B80 /* RKDynamicObjectMappingMatcher.h in Headers */ = {isa = PBXBuildFile; fileRef = 08C71B3B164ACFEB001C0B80 /* RKDynamicObjectMappingMatcher.h */; };
		08C71B7C164ACFEB001C0B80 /* RKDynamicObjectMappingMatcher.m in Sources */ = {isa = PBXBuildFile; fileRef = 08C71B3C164ACFEB001C0B80 /* RKDynamicObjectMappingMatcher.m */; };
		08C71B7D164ACFEB001C0B80 /* RKDynamicObjectMappingMatcher.m in Sources */ = {isa = PBXBuildFile; fileRef = 08C71B3C164ACFEB001C0B80 /* RKDynamicObjectMappingMatcher.m */; };
		08C71B7E164ACFEB001C0B80 /* RKDynamicObjectMappingMatcher.m in Sources */ = {isa = PBXBuildFile; fileRef = 08C71B3C164ACFEB001C0B80 /* RKDynamicObjectMappingMatcher.m */; };
		08C71B7F164ACFEB001C0B80 /* RKDynamicObjectMappingMatcher.m in Sources */ = {isa = PBXBuildFile; fileRef = 08C71B3C164ACFEB001C0B80 /* RKDynamicObjectMappingMatcher.m */; };
		08C71B80164ACFEB001C0B80 /* RKErrorMessage.h in Headers */ = {isa = PBXBuildFile; fileRef = 08C71B3D164ACFEB001C0B80 /* RKErrorMessage.h */; };
		08C71B81164ACFEB001C0B80 /* RKErrorMessage.h in Headers */ = {isa = PBXBuildFile; fileRef = 08C71B3D164ACFEB001C0B80 /* RKErrorMessage.h */; };
		08C71B82164ACFEB001C0B80 /* RKErrorMessage.m in Sources */ = {isa = PBXBuildFile; fileRef = 08C71B3E164ACFEB001C0B80 /* RKErrorMessage.m */; };
		08C71B83164ACFEB001C0B80 /* RKErrorMessage.m in Sources */ = {isa = PBXBuildFile; fileRef = 08C71B3E164ACFEB001C0B80 /* RKErrorMessage.m */; };
		08C71B84164ACFEB001C0B80 /* RKErrorMessage.m in Sources */ = {isa = PBXBuildFile; fileRef = 08C71B3E164ACFEB001C0B80 /* RKErrorMessage.m */; };
		08C71B85164ACFEB001C0B80 /* RKErrorMessage.m in Sources */ = {isa = PBXBuildFile; fileRef = 08C71B3E164ACFEB001C0B80 /* RKErrorMessage.m */; };
		08C71B88164ACFEB001C0B80 /* RKMappingOperationQueue.h in Headers */ = {isa = PBXBuildFile; fileRef = 08C71B40164ACFEB001C0B80 /* RKMappingOperationQueue.h */; };
		08C71B89164ACFEB001C0B80 /* RKMappingOperationQueue.h in Headers */ = {isa = PBXBuildFile; fileRef = 08C71B40164ACFEB001C0B80 /* RKMappingOperationQueue.h */; };
		08C71B8A164ACFEB001C0B80 /* RKMappingOperationQueue.m in Sources */ = {isa = PBXBuildFile; fileRef = 08C71B41164ACFEB001C0B80 /* RKMappingOperationQueue.m */; };
		08C71B8B164ACFEB001C0B80 /* RKMappingOperationQueue.m in Sources */ = {isa = PBXBuildFile; fileRef = 08C71B41164ACFEB001C0B80 /* RKMappingOperationQueue.m */; };
		08C71B8C164ACFEB001C0B80 /* RKMappingOperationQueue.m in Sources */ = {isa = PBXBuildFile; fileRef = 08C71B41164ACFEB001C0B80 /* RKMappingOperationQueue.m */; };
		08C71B8D164ACFEB001C0B80 /* RKMappingOperationQueue.m in Sources */ = {isa = PBXBuildFile; fileRef = 08C71B41164ACFEB001C0B80 /* RKMappingOperationQueue.m */; };
		08C71B8E164ACFEB001C0B80 /* RKObjectAttributeMapping.h in Headers */ = {isa = PBXBuildFile; fileRef = 08C71B42164ACFEB001C0B80 /* RKObjectAttributeMapping.h */; };
		08C71B8F164ACFEB001C0B80 /* RKObjectAttributeMapping.h in Headers */ = {isa = PBXBuildFile; fileRef = 08C71B42164ACFEB001C0B80 /* RKObjectAttributeMapping.h */; };
		08C71B90164ACFEB001C0B80 /* RKObjectAttributeMapping.m in Sources */ = {isa = PBXBuildFile; fileRef = 08C71B43164ACFEB001C0B80 /* RKObjectAttributeMapping.m */; };
		08C71B91164ACFEB001C0B80 /* RKObjectAttributeMapping.m in Sources */ = {isa = PBXBuildFile; fileRef = 08C71B43164ACFEB001C0B80 /* RKObjectAttributeMapping.m */; };
		08C71B92164ACFEB001C0B80 /* RKObjectAttributeMapping.m in Sources */ = {isa = PBXBuildFile; fileRef = 08C71B43164ACFEB001C0B80 /* RKObjectAttributeMapping.m */; };
		08C71B93164ACFEB001C0B80 /* RKObjectAttributeMapping.m in Sources */ = {isa = PBXBuildFile; fileRef = 08C71B43164ACFEB001C0B80 /* RKObjectAttributeMapping.m */; };
		08C71B94164ACFEB001C0B80 /* RKObjectMapper.h in Headers */ = {isa = PBXBuildFile; fileRef = 08C71B44164ACFEB001C0B80 /* RKObjectMapper.h */; };
		08C71B95164ACFEB001C0B80 /* RKObjectMapper.h in Headers */ = {isa = PBXBuildFile; fileRef = 08C71B44164ACFEB001C0B80 /* RKObjectMapper.h */; };
		08C71B96164ACFEB001C0B80 /* RKObjectMapper.m in Sources */ = {isa = PBXBuildFile; fileRef = 08C71B45164ACFEB001C0B80 /* RKObjectMapper.m */; };
		08C71B97164ACFEB001C0B80 /* RKObjectMapper.m in Sources */ = {isa = PBXBuildFile; fileRef = 08C71B45164ACFEB001C0B80 /* RKObjectMapper.m */; };
		08C71B98164ACFEB001C0B80 /* RKObjectMapper.m in Sources */ = {isa = PBXBuildFile; fileRef = 08C71B45164ACFEB001C0B80 /* RKObjectMapper.m */; };
		08C71B99164ACFEB001C0B80 /* RKObjectMapper.m in Sources */ = {isa = PBXBuildFile; fileRef = 08C71B45164ACFEB001C0B80 /* RKObjectMapper.m */; };
		08C71B9A164ACFEB001C0B80 /* RKObjectMapper_Private.h in Headers */ = {isa = PBXBuildFile; fileRef = 08C71B46164ACFEB001C0B80 /* RKObjectMapper_Private.h */; };
		08C71B9B164ACFEB001C0B80 /* RKObjectMapper_Private.h in Headers */ = {isa = PBXBuildFile; fileRef = 08C71B46164ACFEB001C0B80 /* RKObjectMapper_Private.h */; };
		08C71B9C164ACFEB001C0B80 /* RKObjectMapperError.h in Headers */ = {isa = PBXBuildFile; fileRef = 08C71B47164ACFEB001C0B80 /* RKObjectMapperError.h */; };
		08C71B9D164ACFEB001C0B80 /* RKObjectMapperError.h in Headers */ = {isa = PBXBuildFile; fileRef = 08C71B47164ACFEB001C0B80 /* RKObjectMapperError.h */; };
		08C71B9E164ACFEB001C0B80 /* RKObjectMapping.h in Headers */ = {isa = PBXBuildFile; fileRef = 08C71B48164ACFEB001C0B80 /* RKObjectMapping.h */; };
		08C71B9F164ACFEB001C0B80 /* RKObjectMapping.h in Headers */ = {isa = PBXBuildFile; fileRef = 08C71B48164ACFEB001C0B80 /* RKObjectMapping.h */; };
		08C71BA0164ACFEB001C0B80 /* RKObjectMapping.m in Sources */ = {isa = PBXBuildFile; fileRef = 08C71B49164ACFEB001C0B80 /* RKObjectMapping.m */; };
		08C71BA1164ACFEB001C0B80 /* RKObjectMapping.m in Sources */ = {isa = PBXBuildFile; fileRef = 08C71B49164ACFEB001C0B80 /* RKObjectMapping.m */; };
		08C71BA2164ACFEB001C0B80 /* RKObjectMapping.m in Sources */ = {isa = PBXBuildFile; fileRef = 08C71B49164ACFEB001C0B80 /* RKObjectMapping.m */; };
		08C71BA3164ACFEB001C0B80 /* RKObjectMapping.m in Sources */ = {isa = PBXBuildFile; fileRef = 08C71B49164ACFEB001C0B80 /* RKObjectMapping.m */; };
		08C71BA4164ACFEB001C0B80 /* RKObjectMappingDefinition.h in Headers */ = {isa = PBXBuildFile; fileRef = 08C71B4A164ACFEB001C0B80 /* RKObjectMappingDefinition.h */; };
		08C71BA5164ACFEB001C0B80 /* RKObjectMappingDefinition.h in Headers */ = {isa = PBXBuildFile; fileRef = 08C71B4A164ACFEB001C0B80 /* RKObjectMappingDefinition.h */; };
		08C71BA6164ACFEB001C0B80 /* RKObjectMappingDefinition.m in Sources */ = {isa = PBXBuildFile; fileRef = 08C71B4B164ACFEB001C0B80 /* RKObjectMappingDefinition.m */; };
		08C71BA7164ACFEB001C0B80 /* RKObjectMappingDefinition.m in Sources */ = {isa = PBXBuildFile; fileRef = 08C71B4B164ACFEB001C0B80 /* RKObjectMappingDefinition.m */; };
		08C71BA8164ACFEB001C0B80 /* RKObjectMappingDefinition.m in Sources */ = {isa = PBXBuildFile; fileRef = 08C71B4B164ACFEB001C0B80 /* RKObjectMappingDefinition.m */; };
		08C71BA9164ACFEB001C0B80 /* RKObjectMappingDefinition.m in Sources */ = {isa = PBXBuildFile; fileRef = 08C71B4B164ACFEB001C0B80 /* RKObjectMappingDefinition.m */; };
		08C71BAA164ACFEB001C0B80 /* RKObjectMappingOperation.h in Headers */ = {isa = PBXBuildFile; fileRef = 08C71B4C164ACFEB001C0B80 /* RKObjectMappingOperation.h */; };
		08C71BAB164ACFEB001C0B80 /* RKObjectMappingOperation.h in Headers */ = {isa = PBXBuildFile; fileRef = 08C71B4C164ACFEB001C0B80 /* RKObjectMappingOperation.h */; };
		08C71BAC164ACFEB001C0B80 /* RKObjectMappingOperation.m in Sources */ = {isa = PBXBuildFile; fileRef = 08C71B4D164ACFEB001C0B80 /* RKObjectMappingOperation.m */; };
		08C71BAD164ACFEB001C0B80 /* RKObjectMappingOperation.m in Sources */ = {isa = PBXBuildFile; fileRef = 08C71B4D164ACFEB001C0B80 /* RKObjectMappingOperation.m */; };
		08C71BAE164ACFEB001C0B80 /* RKObjectMappingOperation.m in Sources */ = {isa = PBXBuildFile; fileRef = 08C71B4D164ACFEB001C0B80 /* RKObjectMappingOperation.m */; };
		08C71BAF164ACFEB001C0B80 /* RKObjectMappingOperation.m in Sources */ = {isa = PBXBuildFile; fileRef = 08C71B4D164ACFEB001C0B80 /* RKObjectMappingOperation.m */; };
		08C71BB0164ACFEB001C0B80 /* RKObjectMappingProvider+Contexts.h in Headers */ = {isa = PBXBuildFile; fileRef = 08C71B4E164ACFEB001C0B80 /* RKObjectMappingProvider+Contexts.h */; };
		08C71BB1164ACFEB001C0B80 /* RKObjectMappingProvider+Contexts.h in Headers */ = {isa = PBXBuildFile; fileRef = 08C71B4E164ACFEB001C0B80 /* RKObjectMappingProvider+Contexts.h */; };
		08C71BB2164ACFEB001C0B80 /* RKObjectMappingProvider.h in Headers */ = {isa = PBXBuildFile; fileRef = 08C71B4F164ACFEB001C0B80 /* RKObjectMappingProvider.h */; };
		08C71BB3164ACFEB001C0B80 /* RKObjectMappingProvider.h in Headers */ = {isa = PBXBuildFile; fileRef = 08C71B4F164ACFEB001C0B80 /* RKObjectMappingProvider.h */; };
		08C71BB4164ACFEB001C0B80 /* RKObjectMappingProvider.m in Sources */ = {isa = PBXBuildFile; fileRef = 08C71B50164ACFEB001C0B80 /* RKObjectMappingProvider.m */; };
		08C71BB5164ACFEB001C0B80 /* RKObjectMappingProvider.m in Sources */ = {isa = PBXBuildFile; fileRef = 08C71B50164ACFEB001C0B80 /* RKObjectMappingProvider.m */; };
		08C71BB6164ACFEB001C0B80 /* RKObjectMappingProvider.m in Sources */ = {isa = PBXBuildFile; fileRef = 08C71B50164ACFEB001C0B80 /* RKObjectMappingProvider.m */; };
		08C71BB7164ACFEB001C0B80 /* RKObjectMappingProvider.m in Sources */ = {isa = PBXBuildFile; fileRef = 08C71B50164ACFEB001C0B80 /* RKObjectMappingProvider.m */; };
		08C71BB8164ACFEB001C0B80 /* RKObjectMappingProviderContextEntry.h in Headers */ = {isa = PBXBuildFile; fileRef = 08C71B51164ACFEB001C0B80 /* RKObjectMappingProviderContextEntry.h */; };
		08C71BB9164ACFEB001C0B80 /* RKObjectMappingProviderContextEntry.h in Headers */ = {isa = PBXBuildFile; fileRef = 08C71B51164ACFEB001C0B80 /* RKObjectMappingProviderContextEntry.h */; };
		08C71BBA164ACFEB001C0B80 /* RKObjectMappingProviderContextEntry.m in Sources */ = {isa = PBXBuildFile; fileRef = 08C71B52164ACFEB001C0B80 /* RKObjectMappingProviderContextEntry.m */; };
		08C71BBB164ACFEB001C0B80 /* RKObjectMappingProviderContextEntry.m in Sources */ = {isa = PBXBuildFile; fileRef = 08C71B52164ACFEB001C0B80 /* RKObjectMappingProviderContextEntry.m */; };
		08C71BBC164ACFEB001C0B80 /* RKObjectMappingProviderContextEntry.m in Sources */ = {isa = PBXBuildFile; fileRef = 08C71B52164ACFEB001C0B80 /* RKObjectMappingProviderContextEntry.m */; };
		08C71BBD164ACFEB001C0B80 /* RKObjectMappingProviderContextEntry.m in Sources */ = {isa = PBXBuildFile; fileRef = 08C71B52164ACFEB001C0B80 /* RKObjectMappingProviderContextEntry.m */; };
		08C71BBE164ACFEB001C0B80 /* RKObjectMappingResult.h in Headers */ = {isa = PBXBuildFile; fileRef = 08C71B53164ACFEB001C0B80 /* RKObjectMappingResult.h */; };
		08C71BBF164ACFEB001C0B80 /* RKObjectMappingResult.h in Headers */ = {isa = PBXBuildFile; fileRef = 08C71B53164ACFEB001C0B80 /* RKObjectMappingResult.h */; };
		08C71BC0164ACFEB001C0B80 /* RKObjectMappingResult.m in Sources */ = {isa = PBXBuildFile; fileRef = 08C71B54164ACFEB001C0B80 /* RKObjectMappingResult.m */; };
		08C71BC1164ACFEB001C0B80 /* RKObjectMappingResult.m in Sources */ = {isa = PBXBuildFile; fileRef = 08C71B54164ACFEB001C0B80 /* RKObjectMappingResult.m */; };
		08C71BC2164ACFEB001C0B80 /* RKObjectMappingResult.m in Sources */ = {isa = PBXBuildFile; fileRef = 08C71B54164ACFEB001C0B80 /* RKObjectMappingResult.m */; };
		08C71BC3164ACFEB001C0B80 /* RKObjectMappingResult.m in Sources */ = {isa = PBXBuildFile; fileRef = 08C71B54164ACFEB001C0B80 /* RKObjectMappingResult.m */; };
		08C71BC4164ACFEB001C0B80 /* RKObjectPropertyInspector.h in Headers */ = {isa = PBXBuildFile; fileRef = 08C71B55164ACFEB001C0B80 /* RKObjectPropertyInspector.h */; };
		08C71BC5164ACFEB001C0B80 /* RKObjectPropertyInspector.h in Headers */ = {isa = PBXBuildFile; fileRef = 08C71B55164ACFEB001C0B80 /* RKObjectPropertyInspector.h */; };
		08C71BC6164ACFEB001C0B80 /* RKObjectPropertyInspector.m in Sources */ = {isa = PBXBuildFile; fileRef = 08C71B56164ACFEB001C0B80 /* RKObjectPropertyInspector.m */; };
		08C71BC7164ACFEB001C0B80 /* RKObjectPropertyInspector.m in Sources */ = {isa = PBXBuildFile; fileRef = 08C71B56164ACFEB001C0B80 /* RKObjectPropertyInspector.m */; };
		08C71BC8164ACFEB001C0B80 /* RKObjectPropertyInspector.m in Sources */ = {isa = PBXBuildFile; fileRef = 08C71B56164ACFEB001C0B80 /* RKObjectPropertyInspector.m */; };
		08C71BC9164ACFEB001C0B80 /* RKObjectPropertyInspector.m in Sources */ = {isa = PBXBuildFile; fileRef = 08C71B56164ACFEB001C0B80 /* RKObjectPropertyInspector.m */; };
		08C71BCA164ACFEB001C0B80 /* RKObjectRelationshipMapping.h in Headers */ = {isa = PBXBuildFile; fileRef = 08C71B57164ACFEB001C0B80 /* RKObjectRelationshipMapping.h */; };
		08C71BCB164ACFEB001C0B80 /* RKObjectRelationshipMapping.h in Headers */ = {isa = PBXBuildFile; fileRef = 08C71B57164ACFEB001C0B80 /* RKObjectRelationshipMapping.h */; };
		08C71BCC164ACFEB001C0B80 /* RKObjectRelationshipMapping.m in Sources */ = {isa = PBXBuildFile; fileRef = 08C71B58164ACFEB001C0B80 /* RKObjectRelationshipMapping.m */; };
		08C71BCD164ACFEB001C0B80 /* RKObjectRelationshipMapping.m in Sources */ = {isa = PBXBuildFile; fileRef = 08C71B58164ACFEB001C0B80 /* RKObjectRelationshipMapping.m */; };
		08C71BCE164ACFEB001C0B80 /* RKObjectRelationshipMapping.m in Sources */ = {isa = PBXBuildFile; fileRef = 08C71B58164ACFEB001C0B80 /* RKObjectRelationshipMapping.m */; };
		08C71BCF164ACFEB001C0B80 /* RKObjectRelationshipMapping.m in Sources */ = {isa = PBXBuildFile; fileRef = 08C71B58164ACFEB001C0B80 /* RKObjectRelationshipMapping.m */; };
		08C71BD0164ACFEB001C0B80 /* RKObjectSerializer.h in Headers */ = {isa = PBXBuildFile; fileRef = 08C71B59164ACFEB001C0B80 /* RKObjectSerializer.h */; };
		08C71BD1164ACFEB001C0B80 /* RKObjectSerializer.h in Headers */ = {isa = PBXBuildFile; fileRef = 08C71B59164ACFEB001C0B80 /* RKObjectSerializer.h */; };
		08C71BD2164ACFEB001C0B80 /* RKObjectSerializer.m in Sources */ = {isa = PBXBuildFile; fileRef = 08C71B5A164ACFEB001C0B80 /* RKObjectSerializer.m */; };
		08C71BD3164ACFEB001C0B80 /* RKObjectSerializer.m in Sources */ = {isa = PBXBuildFile; fileRef = 08C71B5A164ACFEB001C0B80 /* RKObjectSerializer.m */; };
		08C71BD4164ACFEB001C0B80 /* RKObjectSerializer.m in Sources */ = {isa = PBXBuildFile; fileRef = 08C71B5A164ACFEB001C0B80 /* RKObjectSerializer.m */; };
		08C71BD5164ACFEB001C0B80 /* RKObjectSerializer.m in Sources */ = {isa = PBXBuildFile; fileRef = 08C71B5A164ACFEB001C0B80 /* RKObjectSerializer.m */; };
		08C71BD6164ACFEB001C0B80 /* RKParserRegistry.h in Headers */ = {isa = PBXBuildFile; fileRef = 08C71B5B164ACFEB001C0B80 /* RKParserRegistry.h */; };
		08C71BD7164ACFEB001C0B80 /* RKParserRegistry.h in Headers */ = {isa = PBXBuildFile; fileRef = 08C71B5B164ACFEB001C0B80 /* RKParserRegistry.h */; };
		08C71BD8164ACFEB001C0B80 /* RKParserRegistry.m in Sources */ = {isa = PBXBuildFile; fileRef = 08C71B5C164ACFEB001C0B80 /* RKParserRegistry.m */; };
		08C71BD9164ACFEB001C0B80 /* RKParserRegistry.m in Sources */ = {isa = PBXBuildFile; fileRef = 08C71B5C164ACFEB001C0B80 /* RKParserRegistry.m */; };
		08C71BDA164ACFEB001C0B80 /* RKParserRegistry.m in Sources */ = {isa = PBXBuildFile; fileRef = 08C71B5C164ACFEB001C0B80 /* RKParserRegistry.m */; };
		08C71BDB164ACFEB001C0B80 /* RKParserRegistry.m in Sources */ = {isa = PBXBuildFile; fileRef = 08C71B5C164ACFEB001C0B80 /* RKParserRegistry.m */; };
		08C71BDC164ACFEB001C0B80 /* NSDictionary+RKAdditions.h in Headers */ = {isa = PBXBuildFile; fileRef = 08C71B5E164ACFEB001C0B80 /* NSDictionary+RKAdditions.h */; };
		08C71BDD164ACFEB001C0B80 /* NSDictionary+RKAdditions.h in Headers */ = {isa = PBXBuildFile; fileRef = 08C71B5E164ACFEB001C0B80 /* NSDictionary+RKAdditions.h */; };
		08C71BDE164ACFEB001C0B80 /* NSDictionary+RKAdditions.m in Sources */ = {isa = PBXBuildFile; fileRef = 08C71B5F164ACFEB001C0B80 /* NSDictionary+RKAdditions.m */; };
		08C71BDF164ACFEB001C0B80 /* NSDictionary+RKAdditions.m in Sources */ = {isa = PBXBuildFile; fileRef = 08C71B5F164ACFEB001C0B80 /* NSDictionary+RKAdditions.m */; };
		08C71BE0164ACFEB001C0B80 /* NSDictionary+RKAdditions.m in Sources */ = {isa = PBXBuildFile; fileRef = 08C71B5F164ACFEB001C0B80 /* NSDictionary+RKAdditions.m */; };
		08C71BE1164ACFEB001C0B80 /* NSDictionary+RKAdditions.m in Sources */ = {isa = PBXBuildFile; fileRef = 08C71B5F164ACFEB001C0B80 /* NSDictionary+RKAdditions.m */; };
		08C71BE2164ACFEB001C0B80 /* NSString+RKAdditions.h in Headers */ = {isa = PBXBuildFile; fileRef = 08C71B60164ACFEB001C0B80 /* NSString+RKAdditions.h */; };
		08C71BE3164ACFEB001C0B80 /* NSString+RKAdditions.h in Headers */ = {isa = PBXBuildFile; fileRef = 08C71B60164ACFEB001C0B80 /* NSString+RKAdditions.h */; };
		08C71BE4164ACFEB001C0B80 /* NSString+RKAdditions.m in Sources */ = {isa = PBXBuildFile; fileRef = 08C71B61164ACFEB001C0B80 /* NSString+RKAdditions.m */; };
		08C71BE5164ACFEB001C0B80 /* NSString+RKAdditions.m in Sources */ = {isa = PBXBuildFile; fileRef = 08C71B61164ACFEB001C0B80 /* NSString+RKAdditions.m */; };
		08C71BE6164ACFEB001C0B80 /* NSString+RKAdditions.m in Sources */ = {isa = PBXBuildFile; fileRef = 08C71B61164ACFEB001C0B80 /* NSString+RKAdditions.m */; };
		08C71BE7164ACFEB001C0B80 /* NSString+RKAdditions.m in Sources */ = {isa = PBXBuildFile; fileRef = 08C71B61164ACFEB001C0B80 /* NSString+RKAdditions.m */; };
		08C71BEE164ACFEB001C0B80 /* RKDotNetDateFormatter.h in Headers */ = {isa = PBXBuildFile; fileRef = 08C71B66164ACFEB001C0B80 /* RKDotNetDateFormatter.h */; };
		08C71BEF164ACFEB001C0B80 /* RKDotNetDateFormatter.h in Headers */ = {isa = PBXBuildFile; fileRef = 08C71B66164ACFEB001C0B80 /* RKDotNetDateFormatter.h */; };
		08C71BF0164ACFEB001C0B80 /* RKDotNetDateFormatter.m in Sources */ = {isa = PBXBuildFile; fileRef = 08C71B67164ACFEB001C0B80 /* RKDotNetDateFormatter.m */; };
		08C71BF1164ACFEB001C0B80 /* RKDotNetDateFormatter.m in Sources */ = {isa = PBXBuildFile; fileRef = 08C71B67164ACFEB001C0B80 /* RKDotNetDateFormatter.m */; };
		08C71BF2164ACFEB001C0B80 /* RKDotNetDateFormatter.m in Sources */ = {isa = PBXBuildFile; fileRef = 08C71B67164ACFEB001C0B80 /* RKDotNetDateFormatter.m */; };
		08C71BF3164ACFEB001C0B80 /* RKDotNetDateFormatter.m in Sources */ = {isa = PBXBuildFile; fileRef = 08C71B67164ACFEB001C0B80 /* RKDotNetDateFormatter.m */; };
		08C71BF4164ACFEB001C0B80 /* RKErrors.h in Headers */ = {isa = PBXBuildFile; fileRef = 08C71B68164ACFEB001C0B80 /* RKErrors.h */; };
		08C71BF5164ACFEB001C0B80 /* RKErrors.h in Headers */ = {isa = PBXBuildFile; fileRef = 08C71B68164ACFEB001C0B80 /* RKErrors.h */; };
		08C71BF6164ACFEB001C0B80 /* RKErrors.m in Sources */ = {isa = PBXBuildFile; fileRef = 08C71B69164ACFEB001C0B80 /* RKErrors.m */; };
		08C71BF7164ACFEB001C0B80 /* RKErrors.m in Sources */ = {isa = PBXBuildFile; fileRef = 08C71B69164ACFEB001C0B80 /* RKErrors.m */; };
		08C71BF8164ACFEB001C0B80 /* RKErrors.m in Sources */ = {isa = PBXBuildFile; fileRef = 08C71B69164ACFEB001C0B80 /* RKErrors.m */; };
		08C71BF9164ACFEB001C0B80 /* RKErrors.m in Sources */ = {isa = PBXBuildFile; fileRef = 08C71B69164ACFEB001C0B80 /* RKErrors.m */; };
		08C71BFA164ACFEB001C0B80 /* RKFixCategoryBug.h in Headers */ = {isa = PBXBuildFile; fileRef = 08C71B6A164ACFEB001C0B80 /* RKFixCategoryBug.h */; };
		08C71BFB164ACFEB001C0B80 /* RKFixCategoryBug.h in Headers */ = {isa = PBXBuildFile; fileRef = 08C71B6A164ACFEB001C0B80 /* RKFixCategoryBug.h */; };
		08C71BFC164ACFEB001C0B80 /* RKISO8601DateFormatter.h in Headers */ = {isa = PBXBuildFile; fileRef = 08C71B6B164ACFEB001C0B80 /* RKISO8601DateFormatter.h */; };
		08C71BFD164ACFEB001C0B80 /* RKISO8601DateFormatter.h in Headers */ = {isa = PBXBuildFile; fileRef = 08C71B6B164ACFEB001C0B80 /* RKISO8601DateFormatter.h */; };
		08C71BFE164ACFEB001C0B80 /* RKISO8601DateFormatter.m in Sources */ = {isa = PBXBuildFile; fileRef = 08C71B6C164ACFEB001C0B80 /* RKISO8601DateFormatter.m */; };
		08C71BFF164ACFEB001C0B80 /* RKISO8601DateFormatter.m in Sources */ = {isa = PBXBuildFile; fileRef = 08C71B6C164ACFEB001C0B80 /* RKISO8601DateFormatter.m */; };
		08C71C00164ACFEB001C0B80 /* RKISO8601DateFormatter.m in Sources */ = {isa = PBXBuildFile; fileRef = 08C71B6C164ACFEB001C0B80 /* RKISO8601DateFormatter.m */; };
		08C71C01164ACFEB001C0B80 /* RKISO8601DateFormatter.m in Sources */ = {isa = PBXBuildFile; fileRef = 08C71B6C164ACFEB001C0B80 /* RKISO8601DateFormatter.m */; };
		08C71C02164ACFEB001C0B80 /* RKMIMETypes.h in Headers */ = {isa = PBXBuildFile; fileRef = 08C71B6D164ACFEB001C0B80 /* RKMIMETypes.h */; };
		08C71C03164ACFEB001C0B80 /* RKMIMETypes.h in Headers */ = {isa = PBXBuildFile; fileRef = 08C71B6D164ACFEB001C0B80 /* RKMIMETypes.h */; };
		08C71C04164ACFEB001C0B80 /* RKMIMETypes.m in Sources */ = {isa = PBXBuildFile; fileRef = 08C71B6E164ACFEB001C0B80 /* RKMIMETypes.m */; };
		08C71C05164ACFEB001C0B80 /* RKMIMETypes.m in Sources */ = {isa = PBXBuildFile; fileRef = 08C71B6E164ACFEB001C0B80 /* RKMIMETypes.m */; };
		08C71C06164ACFEB001C0B80 /* RKMIMETypes.m in Sources */ = {isa = PBXBuildFile; fileRef = 08C71B6E164ACFEB001C0B80 /* RKMIMETypes.m */; };
		08C71C07164ACFEB001C0B80 /* RKMIMETypes.m in Sources */ = {isa = PBXBuildFile; fileRef = 08C71B6E164ACFEB001C0B80 /* RKMIMETypes.m */; };
		08C71C08164ACFEB001C0B80 /* RKParser.h in Headers */ = {isa = PBXBuildFile; fileRef = 08C71B6F164ACFEB001C0B80 /* RKParser.h */; };
		08C71C09164ACFEB001C0B80 /* RKParser.h in Headers */ = {isa = PBXBuildFile; fileRef = 08C71B6F164ACFEB001C0B80 /* RKParser.h */; };
		08C71C0A164ACFEB001C0B80 /* RKPathMatcher.h in Headers */ = {isa = PBXBuildFile; fileRef = 08C71B70164ACFEB001C0B80 /* RKPathMatcher.h */; };
		08C71C0B164ACFEB001C0B80 /* RKPathMatcher.h in Headers */ = {isa = PBXBuildFile; fileRef = 08C71B70164ACFEB001C0B80 /* RKPathMatcher.h */; };
		08C71C0C164ACFEB001C0B80 /* RKPathMatcher.m in Sources */ = {isa = PBXBuildFile; fileRef = 08C71B71164ACFEB001C0B80 /* RKPathMatcher.m */; };
		08C71C0D164ACFEB001C0B80 /* RKPathMatcher.m in Sources */ = {isa = PBXBuildFile; fileRef = 08C71B71164ACFEB001C0B80 /* RKPathMatcher.m */; };
		08C71C0E164ACFEB001C0B80 /* RKPathMatcher.m in Sources */ = {isa = PBXBuildFile; fileRef = 08C71B71164ACFEB001C0B80 /* RKPathMatcher.m */; };
		08C71C0F164ACFEB001C0B80 /* RKPathMatcher.m in Sources */ = {isa = PBXBuildFile; fileRef = 08C71B71164ACFEB001C0B80 /* RKPathMatcher.m */; };
		08C71C11164AD0DF001C0B80 /* RestKit-Prefix.pch in Headers */ = {isa = PBXBuildFile; fileRef = 08C71C10164AD0DF001C0B80 /* RestKit-Prefix.pch */; };
		08C71C12164AD0DF001C0B80 /* RestKit-Prefix.pch in Headers */ = {isa = PBXBuildFile; fileRef = 08C71C10164AD0DF001C0B80 /* RestKit-Prefix.pch */; };
		08C71C15164AD11D001C0B80 /* RKOrderedDictionary.h in Headers */ = {isa = PBXBuildFile; fileRef = 08C71C13164AD11D001C0B80 /* RKOrderedDictionary.h */; };
		08C71C16164AD11D001C0B80 /* RKOrderedDictionary.h in Headers */ = {isa = PBXBuildFile; fileRef = 08C71C13164AD11D001C0B80 /* RKOrderedDictionary.h */; };
		08C71C17164AD11D001C0B80 /* RKOrderedDictionary.m in Sources */ = {isa = PBXBuildFile; fileRef = 08C71C14164AD11D001C0B80 /* RKOrderedDictionary.m */; };
		08C71C18164AD11D001C0B80 /* RKOrderedDictionary.m in Sources */ = {isa = PBXBuildFile; fileRef = 08C71C14164AD11D001C0B80 /* RKOrderedDictionary.m */; };
		08C71C19164AD11D001C0B80 /* RKOrderedDictionary.m in Sources */ = {isa = PBXBuildFile; fileRef = 08C71C14164AD11D001C0B80 /* RKOrderedDictionary.m */; };
		08C71C1A164AD11D001C0B80 /* RKOrderedDictionary.m in Sources */ = {isa = PBXBuildFile; fileRef = 08C71C14164AD11D001C0B80 /* RKOrderedDictionary.m */; };
		13F35ED96DDF49EFBF252B09 /* libPods.a in Frameworks */ = {isa = PBXBuildFile; fileRef = D2B8F771FD30414E995B4BCD /* libPods.a */; };
		25055B9314EEFEC800B9C4DD /* libRestKit.a in Frameworks */ = {isa = PBXBuildFile; fileRef = 25160D1614564E810060A5C5 /* libRestKit.a */; };
		25160D1A14564E810060A5C5 /* Foundation.framework in Frameworks */ = {isa = PBXBuildFile; fileRef = 25160D1914564E810060A5C5 /* Foundation.framework */; };
		25160D2B14564E820060A5C5 /* Foundation.framework in Frameworks */ = {isa = PBXBuildFile; fileRef = 25160D1914564E810060A5C5 /* Foundation.framework */; };
		25160E7D145651060060A5C5 /* RestKit.framework in Frameworks */ = {isa = PBXBuildFile; fileRef = 25160E62145651060060A5C5 /* RestKit.framework */; };
/* End PBXBuildFile section */

/* Begin PBXContainerItemProxy section */
		25160D2C14564E820060A5C5 /* PBXContainerItemProxy */ = {
			isa = PBXContainerItemProxy;
			containerPortal = 25160D0D14564E810060A5C5 /* Project object */;
			proxyType = 1;
			remoteGlobalIDString = 25160D1514564E810060A5C5;
			remoteInfo = RestKit;
		};
		25160E7B145651060060A5C5 /* PBXContainerItemProxy */ = {
			isa = PBXContainerItemProxy;
			containerPortal = 25160D0D14564E810060A5C5 /* Project object */;
			proxyType = 1;
			remoteGlobalIDString = 25160E61145651060060A5C5;
			remoteInfo = RestKitFramework;
		};
/* End PBXContainerItemProxy section */

/* Begin PBXCopyFilesBuildPhase section */
		250CA67F147D8EEC0047D347 /* CopyFiles */ = {
			isa = PBXCopyFilesBuildPhase;
			buildActionMask = 2147483647;
			dstPath = "";
			dstSubfolderSpec = 16;
			files = (
			);
			runOnlyForDeploymentPostprocessing = 0;
		};
/* End PBXCopyFilesBuildPhase section */

/* Begin PBXFileReference section */
		0873FF44164AFFB1002323AA /* AbstractMappableObject.h */ = {isa = PBXFileReference; fileEncoding = 4; lastKnownFileType = sourcecode.c.h; path = AbstractMappableObject.h; sourceTree = "<group>"; };
		0873FF45164AFFB1002323AA /* AbstractMappableObject.m */ = {isa = PBXFileReference; fileEncoding = 4; lastKnownFileType = sourcecode.c.objc; path = AbstractMappableObject.m; sourceTree = "<group>"; };
		0873FF46164AFFB1002323AA /* MappableObject.h */ = {isa = PBXFileReference; fileEncoding = 4; lastKnownFileType = sourcecode.c.h; path = MappableObject.h; sourceTree = "<group>"; };
		0873FF50164B00A6002323AA /* RestKitLogging.h */ = {isa = PBXFileReference; fileEncoding = 4; lastKnownFileType = sourcecode.c.h; path = RestKitLogging.h; sourceTree = "<group>"; };
		0873FF53164B084C002323AA /* RKJSONParserNSJSON.h */ = {isa = PBXFileReference; fileEncoding = 4; lastKnownFileType = sourcecode.c.h; path = RKJSONParserNSJSON.h; sourceTree = "<group>"; };
		0873FF54164B084C002323AA /* RKJSONParserNSJSON.m */ = {isa = PBXFileReference; fileEncoding = 4; lastKnownFileType = sourcecode.c.objc; path = RKJSONParserNSJSON.m; sourceTree = "<group>"; };
		08C71B38164ACFEB001C0B80 /* RKConfigurationDelegate.h */ = {isa = PBXFileReference; fileEncoding = 4; lastKnownFileType = sourcecode.c.h; path = RKConfigurationDelegate.h; sourceTree = "<group>"; };
		08C71B39164ACFEB001C0B80 /* RKDynamicObjectMapping.h */ = {isa = PBXFileReference; fileEncoding = 4; lastKnownFileType = sourcecode.c.h; path = RKDynamicObjectMapping.h; sourceTree = "<group>"; };
		08C71B3A164ACFEB001C0B80 /* RKDynamicObjectMapping.m */ = {isa = PBXFileReference; fileEncoding = 4; lastKnownFileType = sourcecode.c.objc; path = RKDynamicObjectMapping.m; sourceTree = "<group>"; };
		08C71B3B164ACFEB001C0B80 /* RKDynamicObjectMappingMatcher.h */ = {isa = PBXFileReference; fileEncoding = 4; lastKnownFileType = sourcecode.c.h; path = RKDynamicObjectMappingMatcher.h; sourceTree = "<group>"; };
		08C71B3C164ACFEB001C0B80 /* RKDynamicObjectMappingMatcher.m */ = {isa = PBXFileReference; fileEncoding = 4; lastKnownFileType = sourcecode.c.objc; path = RKDynamicObjectMappingMatcher.m; sourceTree = "<group>"; };
		08C71B3D164ACFEB001C0B80 /* RKErrorMessage.h */ = {isa = PBXFileReference; fileEncoding = 4; lastKnownFileType = sourcecode.c.h; path = RKErrorMessage.h; sourceTree = "<group>"; };
		08C71B3E164ACFEB001C0B80 /* RKErrorMessage.m */ = {isa = PBXFileReference; fileEncoding = 4; lastKnownFileType = sourcecode.c.objc; path = RKErrorMessage.m; sourceTree = "<group>"; };
		08C71B40164ACFEB001C0B80 /* RKMappingOperationQueue.h */ = {isa = PBXFileReference; fileEncoding = 4; lastKnownFileType = sourcecode.c.h; path = RKMappingOperationQueue.h; sourceTree = "<group>"; };
		08C71B41164ACFEB001C0B80 /* RKMappingOperationQueue.m */ = {isa = PBXFileReference; fileEncoding = 4; lastKnownFileType = sourcecode.c.objc; path = RKMappingOperationQueue.m; sourceTree = "<group>"; };
		08C71B42164ACFEB001C0B80 /* RKObjectAttributeMapping.h */ = {isa = PBXFileReference; fileEncoding = 4; lastKnownFileType = sourcecode.c.h; path = RKObjectAttributeMapping.h; sourceTree = "<group>"; };
		08C71B43164ACFEB001C0B80 /* RKObjectAttributeMapping.m */ = {isa = PBXFileReference; fileEncoding = 4; lastKnownFileType = sourcecode.c.objc; path = RKObjectAttributeMapping.m; sourceTree = "<group>"; };
		08C71B44164ACFEB001C0B80 /* RKObjectMapper.h */ = {isa = PBXFileReference; fileEncoding = 4; lastKnownFileType = sourcecode.c.h; path = RKObjectMapper.h; sourceTree = "<group>"; };
		08C71B45164ACFEB001C0B80 /* RKObjectMapper.m */ = {isa = PBXFileReference; fileEncoding = 4; lastKnownFileType = sourcecode.c.objc; path = RKObjectMapper.m; sourceTree = "<group>"; };
		08C71B46164ACFEB001C0B80 /* RKObjectMapper_Private.h */ = {isa = PBXFileReference; fileEncoding = 4; lastKnownFileType = sourcecode.c.h; path = RKObjectMapper_Private.h; sourceTree = "<group>"; };
		08C71B47164ACFEB001C0B80 /* RKObjectMapperError.h */ = {isa = PBXFileReference; fileEncoding = 4; lastKnownFileType = sourcecode.c.h; path = RKObjectMapperError.h; sourceTree = "<group>"; };
		08C71B48164ACFEB001C0B80 /* RKObjectMapping.h */ = {isa = PBXFileReference; fileEncoding = 4; lastKnownFileType = sourcecode.c.h; path = RKObjectMapping.h; sourceTree = "<group>"; };
		08C71B49164ACFEB001C0B80 /* RKObjectMapping.m */ = {isa = PBXFileReference; fileEncoding = 4; lastKnownFileType = sourcecode.c.objc; path = RKObjectMapping.m; sourceTree = "<group>"; };
		08C71B4A164ACFEB001C0B80 /* RKObjectMappingDefinition.h */ = {isa = PBXFileReference; fileEncoding = 4; lastKnownFileType = sourcecode.c.h; path = RKObjectMappingDefinition.h; sourceTree = "<group>"; };
		08C71B4B164ACFEB001C0B80 /* RKObjectMappingDefinition.m */ = {isa = PBXFileReference; fileEncoding = 4; lastKnownFileType = sourcecode.c.objc; path = RKObjectMappingDefinition.m; sourceTree = "<group>"; };
		08C71B4C164ACFEB001C0B80 /* RKObjectMappingOperation.h */ = {isa = PBXFileReference; fileEncoding = 4; lastKnownFileType = sourcecode.c.h; path = RKObjectMappingOperation.h; sourceTree = "<group>"; };
		08C71B4D164ACFEB001C0B80 /* RKObjectMappingOperation.m */ = {isa = PBXFileReference; fileEncoding = 4; lastKnownFileType = sourcecode.c.objc; path = RKObjectMappingOperation.m; sourceTree = "<group>"; };
		08C71B4E164ACFEB001C0B80 /* RKObjectMappingProvider+Contexts.h */ = {isa = PBXFileReference; fileEncoding = 4; lastKnownFileType = sourcecode.c.h; path = "RKObjectMappingProvider+Contexts.h"; sourceTree = "<group>"; };
		08C71B4F164ACFEB001C0B80 /* RKObjectMappingProvider.h */ = {isa = PBXFileReference; fileEncoding = 4; lastKnownFileType = sourcecode.c.h; path = RKObjectMappingProvider.h; sourceTree = "<group>"; };
		08C71B50164ACFEB001C0B80 /* RKObjectMappingProvider.m */ = {isa = PBXFileReference; fileEncoding = 4; lastKnownFileType = sourcecode.c.objc; path = RKObjectMappingProvider.m; sourceTree = "<group>"; };
		08C71B51164ACFEB001C0B80 /* RKObjectMappingProviderContextEntry.h */ = {isa = PBXFileReference; fileEncoding = 4; lastKnownFileType = sourcecode.c.h; path = RKObjectMappingProviderContextEntry.h; sourceTree = "<group>"; };
		08C71B52164ACFEB001C0B80 /* RKObjectMappingProviderContextEntry.m */ = {isa = PBXFileReference; fileEncoding = 4; lastKnownFileType = sourcecode.c.objc; path = RKObjectMappingProviderContextEntry.m; sourceTree = "<group>"; };
		08C71B53164ACFEB001C0B80 /* RKObjectMappingResult.h */ = {isa = PBXFileReference; fileEncoding = 4; lastKnownFileType = sourcecode.c.h; path = RKObjectMappingResult.h; sourceTree = "<group>"; };
		08C71B54164ACFEB001C0B80 /* RKObjectMappingResult.m */ = {isa = PBXFileReference; fileEncoding = 4; lastKnownFileType = sourcecode.c.objc; path = RKObjectMappingResult.m; sourceTree = "<group>"; };
		08C71B55164ACFEB001C0B80 /* RKObjectPropertyInspector.h */ = {isa = PBXFileReference; fileEncoding = 4; lastKnownFileType = sourcecode.c.h; path = RKObjectPropertyInspector.h; sourceTree = "<group>"; };
		08C71B56164ACFEB001C0B80 /* RKObjectPropertyInspector.m */ = {isa = PBXFileReference; fileEncoding = 4; lastKnownFileType = sourcecode.c.objc; path = RKObjectPropertyInspector.m; sourceTree = "<group>"; };
		08C71B57164ACFEB001C0B80 /* RKObjectRelationshipMapping.h */ = {isa = PBXFileReference; fileEncoding = 4; lastKnownFileType = sourcecode.c.h; path = RKObjectRelationshipMapping.h; sourceTree = "<group>"; };
		08C71B58164ACFEB001C0B80 /* RKObjectRelationshipMapping.m */ = {isa = PBXFileReference; fileEncoding = 4; lastKnownFileType = sourcecode.c.objc; path = RKObjectRelationshipMapping.m; sourceTree = "<group>"; };
		08C71B59164ACFEB001C0B80 /* RKObjectSerializer.h */ = {isa = PBXFileReference; fileEncoding = 4; lastKnownFileType = sourcecode.c.h; path = RKObjectSerializer.h; sourceTree = "<group>"; };
		08C71B5A164ACFEB001C0B80 /* RKObjectSerializer.m */ = {isa = PBXFileReference; fileEncoding = 4; lastKnownFileType = sourcecode.c.objc; path = RKObjectSerializer.m; sourceTree = "<group>"; };
		08C71B5B164ACFEB001C0B80 /* RKParserRegistry.h */ = {isa = PBXFileReference; fileEncoding = 4; lastKnownFileType = sourcecode.c.h; path = RKParserRegistry.h; sourceTree = "<group>"; };
		08C71B5C164ACFEB001C0B80 /* RKParserRegistry.m */ = {isa = PBXFileReference; fileEncoding = 4; lastKnownFileType = sourcecode.c.objc; path = RKParserRegistry.m; sourceTree = "<group>"; };
		08C71B5E164ACFEB001C0B80 /* NSDictionary+RKAdditions.h */ = {isa = PBXFileReference; fileEncoding = 4; lastKnownFileType = sourcecode.c.h; path = "NSDictionary+RKAdditions.h"; sourceTree = "<group>"; };
		08C71B5F164ACFEB001C0B80 /* NSDictionary+RKAdditions.m */ = {isa = PBXFileReference; fileEncoding = 4; lastKnownFileType = sourcecode.c.objc; path = "NSDictionary+RKAdditions.m"; sourceTree = "<group>"; };
		08C71B60164ACFEB001C0B80 /* NSString+RKAdditions.h */ = {isa = PBXFileReference; fileEncoding = 4; lastKnownFileType = sourcecode.c.h; path = "NSString+RKAdditions.h"; sourceTree = "<group>"; };
		08C71B61164ACFEB001C0B80 /* NSString+RKAdditions.m */ = {isa = PBXFileReference; fileEncoding = 4; lastKnownFileType = sourcecode.c.objc; path = "NSString+RKAdditions.m"; sourceTree = "<group>"; };
		08C71B66164ACFEB001C0B80 /* RKDotNetDateFormatter.h */ = {isa = PBXFileReference; fileEncoding = 4; lastKnownFileType = sourcecode.c.h; path = RKDotNetDateFormatter.h; sourceTree = "<group>"; };
		08C71B67164ACFEB001C0B80 /* RKDotNetDateFormatter.m */ = {isa = PBXFileReference; fileEncoding = 4; lastKnownFileType = sourcecode.c.objc; path = RKDotNetDateFormatter.m; sourceTree = "<group>"; };
		08C71B68164ACFEB001C0B80 /* RKErrors.h */ = {isa = PBXFileReference; fileEncoding = 4; lastKnownFileType = sourcecode.c.h; path = RKErrors.h; sourceTree = "<group>"; };
		08C71B69164ACFEB001C0B80 /* RKErrors.m */ = {isa = PBXFileReference; fileEncoding = 4; lastKnownFileType = sourcecode.c.objc; path = RKErrors.m; sourceTree = "<group>"; };
		08C71B6A164ACFEB001C0B80 /* RKFixCategoryBug.h */ = {isa = PBXFileReference; fileEncoding = 4; lastKnownFileType = sourcecode.c.h; path = RKFixCategoryBug.h; sourceTree = "<group>"; };
		08C71B6B164ACFEB001C0B80 /* RKISO8601DateFormatter.h */ = {isa = PBXFileReference; fileEncoding = 4; lastKnownFileType = sourcecode.c.h; path = RKISO8601DateFormatter.h; sourceTree = "<group>"; };
		08C71B6C164ACFEB001C0B80 /* RKISO8601DateFormatter.m */ = {isa = PBXFileReference; fileEncoding = 4; lastKnownFileType = sourcecode.c.objc; path = RKISO8601DateFormatter.m; sourceTree = "<group>"; };
		08C71B6D164ACFEB001C0B80 /* RKMIMETypes.h */ = {isa = PBXFileReference; fileEncoding = 4; lastKnownFileType = sourcecode.c.h; path = RKMIMETypes.h; sourceTree = "<group>"; };
		08C71B6E164ACFEB001C0B80 /* RKMIMETypes.m */ = {isa = PBXFileReference; fileEncoding = 4; lastKnownFileType = sourcecode.c.objc; path = RKMIMETypes.m; sourceTree = "<group>"; };
		08C71B6F164ACFEB001C0B80 /* RKParser.h */ = {isa = PBXFileReference; fileEncoding = 4; lastKnownFileType = sourcecode.c.h; path = RKParser.h; sourceTree = "<group>"; };
		08C71B70164ACFEB001C0B80 /* RKPathMatcher.h */ = {isa = PBXFileReference; fileEncoding = 4; lastKnownFileType = sourcecode.c.h; path = RKPathMatcher.h; sourceTree = "<group>"; };
		08C71B71164ACFEB001C0B80 /* RKPathMatcher.m */ = {isa = PBXFileReference; fileEncoding = 4; lastKnownFileType = sourcecode.c.objc; path = RKPathMatcher.m; sourceTree = "<group>"; };
		08C71C10164AD0DF001C0B80 /* RestKit-Prefix.pch */ = {isa = PBXFileReference; fileEncoding = 4; lastKnownFileType = sourcecode.c.h; path = "RestKit-Prefix.pch"; sourceTree = "<group>"; };
		08C71C13164AD11D001C0B80 /* RKOrderedDictionary.h */ = {isa = PBXFileReference; fileEncoding = 4; lastKnownFileType = sourcecode.c.h; path = RKOrderedDictionary.h; sourceTree = "<group>"; };
		08C71C14164AD11D001C0B80 /* RKOrderedDictionary.m */ = {isa = PBXFileReference; fileEncoding = 4; lastKnownFileType = sourcecode.c.objc; path = RKOrderedDictionary.m; sourceTree = "<group>"; };
		25160D1614564E810060A5C5 /* libRestKit.a */ = {isa = PBXFileReference; explicitFileType = archive.ar; includeInIndex = 0; path = libRestKit.a; sourceTree = BUILT_PRODUCTS_DIR; };
		25160D1914564E810060A5C5 /* Foundation.framework */ = {isa = PBXFileReference; includeInIndex = 1; lastKnownFileType = wrapper.framework; name = Foundation.framework; path = System/Library/Frameworks/Foundation.framework; sourceTree = SDKROOT; };
		25160D2614564E820060A5C5 /* RestKitTests.octest */ = {isa = PBXFileReference; explicitFileType = wrapper.cfbundle; includeInIndex = 0; path = RestKitTests.octest; sourceTree = BUILT_PRODUCTS_DIR; };
		25160E62145651060060A5C5 /* RestKit.framework */ = {isa = PBXFileReference; explicitFileType = wrapper.framework; includeInIndex = 0; path = RestKit.framework; sourceTree = BUILT_PRODUCTS_DIR; };
		25160E78145651060060A5C5 /* RestKitFrameworkTests.octest */ = {isa = PBXFileReference; explicitFileType = wrapper.cfbundle; includeInIndex = 0; path = RestKitFrameworkTests.octest; sourceTree = BUILT_PRODUCTS_DIR; };
		738F3A6E1D1248B587E75D55 /* Pods.xcconfig */ = {isa = PBXFileReference; includeInIndex = 1; lastKnownFileType = text.xcconfig; name = Pods.xcconfig; path = Pods/Pods.xcconfig; sourceTree = SOURCE_ROOT; };
		D2B8F771FD30414E995B4BCD /* libPods.a */ = {isa = PBXFileReference; explicitFileType = archive.ar; includeInIndex = 0; path = libPods.a; sourceTree = BUILT_PRODUCTS_DIR; };
/* End PBXFileReference section */

/* Begin PBXFrameworksBuildPhase section */
		25160D1314564E810060A5C5 /* Frameworks */ = {
			isa = PBXFrameworksBuildPhase;
			buildActionMask = 2147483647;
			files = (
				25160D1A14564E810060A5C5 /* Foundation.framework in Frameworks */,
				13F35ED96DDF49EFBF252B09 /* libPods.a in Frameworks */,
			);
			runOnlyForDeploymentPostprocessing = 0;
		};
		25160D2214564E820060A5C5 /* Frameworks */ = {
			isa = PBXFrameworksBuildPhase;
			buildActionMask = 2147483647;
			files = (
				25055B9314EEFEC800B9C4DD /* libRestKit.a in Frameworks */,
				25160D2B14564E820060A5C5 /* Foundation.framework in Frameworks */,
			);
			runOnlyForDeploymentPostprocessing = 0;
		};
		25160E5E145651060060A5C5 /* Frameworks */ = {
			isa = PBXFrameworksBuildPhase;
			buildActionMask = 2147483647;
			files = (
			);
			runOnlyForDeploymentPostprocessing = 0;
		};
		25160E74145651060060A5C5 /* Frameworks */ = {
			isa = PBXFrameworksBuildPhase;
			buildActionMask = 2147483647;
			files = (
				25160E7D145651060060A5C5 /* RestKit.framework in Frameworks */,
			);
			runOnlyForDeploymentPostprocessing = 0;
		};
/* End PBXFrameworksBuildPhase section */

/* Begin PBXGroup section */
		0873FF43164AFFB1002323AA /* Additions */ = {
			isa = PBXGroup;
			children = (
				0873FF44164AFFB1002323AA /* AbstractMappableObject.h */,
				0873FF45164AFFB1002323AA /* AbstractMappableObject.m */,
				0873FF46164AFFB1002323AA /* MappableObject.h */,
				0873FF50164B00A6002323AA /* RestKitLogging.h */,
				0873FF53164B084C002323AA /* RKJSONParserNSJSON.h */,
				0873FF54164B084C002323AA /* RKJSONParserNSJSON.m */,
			);
			path = Additions;
			sourceTree = "<group>";
		};
		08C71B37164ACFEB001C0B80 /* ObjectMapping */ = {
			isa = PBXGroup;
			children = (
				08C71B38164ACFEB001C0B80 /* RKConfigurationDelegate.h */,
				08C71B39164ACFEB001C0B80 /* RKDynamicObjectMapping.h */,
				08C71B3A164ACFEB001C0B80 /* RKDynamicObjectMapping.m */,
				08C71B3B164ACFEB001C0B80 /* RKDynamicObjectMappingMatcher.h */,
				08C71B3C164ACFEB001C0B80 /* RKDynamicObjectMappingMatcher.m */,
				08C71B3D164ACFEB001C0B80 /* RKErrorMessage.h */,
				08C71B3E164ACFEB001C0B80 /* RKErrorMessage.m */,
				08C71B40164ACFEB001C0B80 /* RKMappingOperationQueue.h */,
				08C71B41164ACFEB001C0B80 /* RKMappingOperationQueue.m */,
				08C71B42164ACFEB001C0B80 /* RKObjectAttributeMapping.h */,
				08C71B43164ACFEB001C0B80 /* RKObjectAttributeMapping.m */,
				08C71B44164ACFEB001C0B80 /* RKObjectMapper.h */,
				08C71B45164ACFEB001C0B80 /* RKObjectMapper.m */,
				08C71B46164ACFEB001C0B80 /* RKObjectMapper_Private.h */,
				08C71B47164ACFEB001C0B80 /* RKObjectMapperError.h */,
				08C71B48164ACFEB001C0B80 /* RKObjectMapping.h */,
				08C71B49164ACFEB001C0B80 /* RKObjectMapping.m */,
				08C71B4A164ACFEB001C0B80 /* RKObjectMappingDefinition.h */,
				08C71B4B164ACFEB001C0B80 /* RKObjectMappingDefinition.m */,
				08C71B4C164ACFEB001C0B80 /* RKObjectMappingOperation.h */,
				08C71B4D164ACFEB001C0B80 /* RKObjectMappingOperation.m */,
				08C71B4E164ACFEB001C0B80 /* RKObjectMappingProvider+Contexts.h */,
				08C71B4F164ACFEB001C0B80 /* RKObjectMappingProvider.h */,
				08C71B50164ACFEB001C0B80 /* RKObjectMappingProvider.m */,
				08C71B51164ACFEB001C0B80 /* RKObjectMappingProviderContextEntry.h */,
				08C71B52164ACFEB001C0B80 /* RKObjectMappingProviderContextEntry.m */,
				08C71B53164ACFEB001C0B80 /* RKObjectMappingResult.h */,
				08C71B54164ACFEB001C0B80 /* RKObjectMappingResult.m */,
				08C71B55164ACFEB001C0B80 /* RKObjectPropertyInspector.h */,
				08C71B56164ACFEB001C0B80 /* RKObjectPropertyInspector.m */,
				08C71B57164ACFEB001C0B80 /* RKObjectRelationshipMapping.h */,
				08C71B58164ACFEB001C0B80 /* RKObjectRelationshipMapping.m */,
				08C71B59164ACFEB001C0B80 /* RKObjectSerializer.h */,
				08C71B5A164ACFEB001C0B80 /* RKObjectSerializer.m */,
				08C71B5B164ACFEB001C0B80 /* RKParserRegistry.h */,
				08C71B5C164ACFEB001C0B80 /* RKParserRegistry.m */,
			);
			path = ObjectMapping;
			sourceTree = "<group>";
		};
		08C71B5D164ACFEB001C0B80 /* Support */ = {
			isa = PBXGroup;
			children = (
				08C71C13164AD11D001C0B80 /* RKOrderedDictionary.h */,
				08C71C14164AD11D001C0B80 /* RKOrderedDictionary.m */,
				08C71B5E164ACFEB001C0B80 /* NSDictionary+RKAdditions.h */,
				08C71B5F164ACFEB001C0B80 /* NSDictionary+RKAdditions.m */,
				08C71B60164ACFEB001C0B80 /* NSString+RKAdditions.h */,
				08C71B61164ACFEB001C0B80 /* NSString+RKAdditions.m */,
				08C71C10164AD0DF001C0B80 /* RestKit-Prefix.pch */,
				08C71B66164ACFEB001C0B80 /* RKDotNetDateFormatter.h */,
				08C71B67164ACFEB001C0B80 /* RKDotNetDateFormatter.m */,
				08C71B68164ACFEB001C0B80 /* RKErrors.h */,
				08C71B69164ACFEB001C0B80 /* RKErrors.m */,
				08C71B6A164ACFEB001C0B80 /* RKFixCategoryBug.h */,
				08C71B6B164ACFEB001C0B80 /* RKISO8601DateFormatter.h */,
				08C71B6C164ACFEB001C0B80 /* RKISO8601DateFormatter.m */,
				08C71B6D164ACFEB001C0B80 /* RKMIMETypes.h */,
				08C71B6E164ACFEB001C0B80 /* RKMIMETypes.m */,
				08C71B6F164ACFEB001C0B80 /* RKParser.h */,
				08C71B70164ACFEB001C0B80 /* RKPathMatcher.h */,
				08C71B71164ACFEB001C0B80 /* RKPathMatcher.m */,
			);
			path = Support;
			sourceTree = "<group>";
		};
		25160D0B14564E810060A5C5 = {
			isa = PBXGroup;
			children = (
				25160D44145650490060A5C5 /* Code */,
				25160D1814564E810060A5C5 /* Frameworks */,
				25160D1714564E810060A5C5 /* Products */,
				738F3A6E1D1248B587E75D55 /* Pods.xcconfig */,
			);
			sourceTree = "<group>";
		};
		25160D1714564E810060A5C5 /* Products */ = {
			isa = PBXGroup;
			children = (
				25160D1614564E810060A5C5 /* libRestKit.a */,
				25160D2614564E820060A5C5 /* RestKitTests.octest */,
				25160E62145651060060A5C5 /* RestKit.framework */,
				25160E78145651060060A5C5 /* RestKitFrameworkTests.octest */,
			);
			name = Products;
			sourceTree = "<group>";
		};
		25160D1814564E810060A5C5 /* Frameworks */ = {
			isa = PBXGroup;
			children = (
				25160D1914564E810060A5C5 /* Foundation.framework */,
				D2B8F771FD30414E995B4BCD /* libPods.a */,
			);
			name = Frameworks;
			sourceTree = "<group>";
		};
		25160D44145650490060A5C5 /* Code */ = {
			isa = PBXGroup;
			children = (
				0873FF43164AFFB1002323AA /* Additions */,
				08C71B37164ACFEB001C0B80 /* ObjectMapping */,
				08C71B5D164ACFEB001C0B80 /* Support */,
			);
			path = Code;
			sourceTree = "<group>";
		};
/* End PBXGroup section */

/* Begin PBXHeadersBuildPhase section */
		25160D1414564E810060A5C5 /* Headers */ = {
			isa = PBXHeadersBuildPhase;
			buildActionMask = 2147483647;
			files = (
				08C71B72164ACFEB001C0B80 /* RKConfigurationDelegate.h in Headers */,
				08C71B74164ACFEB001C0B80 /* RKDynamicObjectMapping.h in Headers */,
				08C71B7A164ACFEB001C0B80 /* RKDynamicObjectMappingMatcher.h in Headers */,
				08C71B80164ACFEB001C0B80 /* RKErrorMessage.h in Headers */,
				08C71B88164ACFEB001C0B80 /* RKMappingOperationQueue.h in Headers */,
				08C71B8E164ACFEB001C0B80 /* RKObjectAttributeMapping.h in Headers */,
				08C71B94164ACFEB001C0B80 /* RKObjectMapper.h in Headers */,
				08C71B9A164ACFEB001C0B80 /* RKObjectMapper_Private.h in Headers */,
				08C71B9C164ACFEB001C0B80 /* RKObjectMapperError.h in Headers */,
				08C71B9E164ACFEB001C0B80 /* RKObjectMapping.h in Headers */,
				08C71BA4164ACFEB001C0B80 /* RKObjectMappingDefinition.h in Headers */,
				08C71BAA164ACFEB001C0B80 /* RKObjectMappingOperation.h in Headers */,
				08C71BB0164ACFEB001C0B80 /* RKObjectMappingProvider+Contexts.h in Headers */,
				08C71BB2164ACFEB001C0B80 /* RKObjectMappingProvider.h in Headers */,
				08C71BB8164ACFEB001C0B80 /* RKObjectMappingProviderContextEntry.h in Headers */,
				08C71BBE164ACFEB001C0B80 /* RKObjectMappingResult.h in Headers */,
				08C71BC4164ACFEB001C0B80 /* RKObjectPropertyInspector.h in Headers */,
				08C71BCA164ACFEB001C0B80 /* RKObjectRelationshipMapping.h in Headers */,
				08C71BD0164ACFEB001C0B80 /* RKObjectSerializer.h in Headers */,
				08C71BD6164ACFEB001C0B80 /* RKParserRegistry.h in Headers */,
				08C71BDC164ACFEB001C0B80 /* NSDictionary+RKAdditions.h in Headers */,
				08C71BE2164ACFEB001C0B80 /* NSString+RKAdditions.h in Headers */,
				08C71BEE164ACFEB001C0B80 /* RKDotNetDateFormatter.h in Headers */,
				08C71BF4164ACFEB001C0B80 /* RKErrors.h in Headers */,
				08C71BFA164ACFEB001C0B80 /* RKFixCategoryBug.h in Headers */,
				08C71BFC164ACFEB001C0B80 /* RKISO8601DateFormatter.h in Headers */,
				08C71C02164ACFEB001C0B80 /* RKMIMETypes.h in Headers */,
				08C71C08164ACFEB001C0B80 /* RKParser.h in Headers */,
				08C71C0A164ACFEB001C0B80 /* RKPathMatcher.h in Headers */,
				08C71C11164AD0DF001C0B80 /* RestKit-Prefix.pch in Headers */,
				08C71C15164AD11D001C0B80 /* RKOrderedDictionary.h in Headers */,
				0873FF47164AFFB1002323AA /* AbstractMappableObject.h in Headers */,
				0873FF4D164AFFB1002323AA /* MappableObject.h in Headers */,
				0873FF51164B00A6002323AA /* RestKitLogging.h in Headers */,
				0873FF55164B084C002323AA /* RKJSONParserNSJSON.h in Headers */,
			);
			runOnlyForDeploymentPostprocessing = 0;
		};
		25160E5F145651060060A5C5 /* Headers */ = {
			isa = PBXHeadersBuildPhase;
			buildActionMask = 2147483647;
			files = (
				08C71B73164ACFEB001C0B80 /* RKConfigurationDelegate.h in Headers */,
				08C71B75164ACFEB001C0B80 /* RKDynamicObjectMapping.h in Headers */,
				08C71B7B164ACFEB001C0B80 /* RKDynamicObjectMappingMatcher.h in Headers */,
				08C71B81164ACFEB001C0B80 /* RKErrorMessage.h in Headers */,
				08C71B89164ACFEB001C0B80 /* RKMappingOperationQueue.h in Headers */,
				08C71B8F164ACFEB001C0B80 /* RKObjectAttributeMapping.h in Headers */,
				08C71B95164ACFEB001C0B80 /* RKObjectMapper.h in Headers */,
				08C71B9B164ACFEB001C0B80 /* RKObjectMapper_Private.h in Headers */,
				08C71B9D164ACFEB001C0B80 /* RKObjectMapperError.h in Headers */,
				08C71B9F164ACFEB001C0B80 /* RKObjectMapping.h in Headers */,
				08C71BA5164ACFEB001C0B80 /* RKObjectMappingDefinition.h in Headers */,
				08C71BAB164ACFEB001C0B80 /* RKObjectMappingOperation.h in Headers */,
				08C71BB1164ACFEB001C0B80 /* RKObjectMappingProvider+Contexts.h in Headers */,
				08C71BB3164ACFEB001C0B80 /* RKObjectMappingProvider.h in Headers */,
				08C71BB9164ACFEB001C0B80 /* RKObjectMappingProviderContextEntry.h in Headers */,
				08C71BBF164ACFEB001C0B80 /* RKObjectMappingResult.h in Headers */,
				08C71BC5164ACFEB001C0B80 /* RKObjectPropertyInspector.h in Headers */,
				08C71BCB164ACFEB001C0B80 /* RKObjectRelationshipMapping.h in Headers */,
				08C71BD1164ACFEB001C0B80 /* RKObjectSerializer.h in Headers */,
				08C71BD7164ACFEB001C0B80 /* RKParserRegistry.h in Headers */,
				08C71BDD164ACFEB001C0B80 /* NSDictionary+RKAdditions.h in Headers */,
				08C71BE3164ACFEB001C0B80 /* NSString+RKAdditions.h in Headers */,
				08C71BEF164ACFEB001C0B80 /* RKDotNetDateFormatter.h in Headers */,
				08C71BF5164ACFEB001C0B80 /* RKErrors.h in Headers */,
				08C71BFB164ACFEB001C0B80 /* RKFixCategoryBug.h in Headers */,
				08C71BFD164ACFEB001C0B80 /* RKISO8601DateFormatter.h in Headers */,
				08C71C03164ACFEB001C0B80 /* RKMIMETypes.h in Headers */,
				08C71C09164ACFEB001C0B80 /* RKParser.h in Headers */,
				08C71C0B164ACFEB001C0B80 /* RKPathMatcher.h in Headers */,
				08C71C12164AD0DF001C0B80 /* RestKit-Prefix.pch in Headers */,
				08C71C16164AD11D001C0B80 /* RKOrderedDictionary.h in Headers */,
				0873FF48164AFFB1002323AA /* AbstractMappableObject.h in Headers */,
				0873FF4E164AFFB1002323AA /* MappableObject.h in Headers */,
				0873FF52164B00A6002323AA /* RestKitLogging.h in Headers */,
				0873FF56164B084C002323AA /* RKJSONParserNSJSON.h in Headers */,
			);
			runOnlyForDeploymentPostprocessing = 0;
		};
/* End PBXHeadersBuildPhase section */

/* Begin PBXNativeTarget section */
		25160D1514564E810060A5C5 /* RestKit */ = {
			isa = PBXNativeTarget;
			buildConfigurationList = 25160D3A14564E820060A5C5 /* Build configuration list for PBXNativeTarget "RestKit" */;
			buildPhases = (
				25160D1214564E810060A5C5 /* Sources */,
				25160D1314564E810060A5C5 /* Frameworks */,
				25160D1414564E810060A5C5 /* Headers */,
				3C370E847BC64BFF860179FA /* Copy Pods Resources */,
			);
			buildRules = (
			);
			dependencies = (
			);
			name = RestKit;
			productName = RestKit;
			productReference = 25160D1614564E810060A5C5 /* libRestKit.a */;
			productType = "com.apple.product-type.library.static";
		};
		25160D2514564E820060A5C5 /* RestKitTests */ = {
			isa = PBXNativeTarget;
			buildConfigurationList = 25160D3D14564E820060A5C5 /* Build configuration list for PBXNativeTarget "RestKitTests" */;
			buildPhases = (
				25160D2114564E820060A5C5 /* Sources */,
				25160D2214564E820060A5C5 /* Frameworks */,
				25160D2314564E820060A5C5 /* Resources */,
				25160D2414564E820060A5C5 /* ShellScript */,
			);
			buildRules = (
			);
			dependencies = (
				25160D2D14564E820060A5C5 /* PBXTargetDependency */,
			);
			name = RestKitTests;
			productName = RestKitTests;
			productReference = 25160D2614564E820060A5C5 /* RestKitTests.octest */;
			productType = "com.apple.product-type.bundle";
		};
		25160E61145651060060A5C5 /* RestKitFramework */ = {
			isa = PBXNativeTarget;
			buildConfigurationList = 25160E87145651060060A5C5 /* Build configuration list for PBXNativeTarget "RestKitFramework" */;
			buildPhases = (
				25160E5D145651060060A5C5 /* Sources */,
				25160E5E145651060060A5C5 /* Frameworks */,
				25160E5F145651060060A5C5 /* Headers */,
				25160E60145651060060A5C5 /* Resources */,
			);
			buildRules = (
			);
			dependencies = (
			);
			name = RestKitFramework;
			productName = RestKitFramework;
			productReference = 25160E62145651060060A5C5 /* RestKit.framework */;
			productType = "com.apple.product-type.framework";
		};
		25160E77145651060060A5C5 /* RestKitFrameworkTests */ = {
			isa = PBXNativeTarget;
			buildConfigurationList = 25160E8A145651060060A5C5 /* Build configuration list for PBXNativeTarget "RestKitFrameworkTests" */;
			buildPhases = (
				25160E73145651060060A5C5 /* Sources */,
				25160E74145651060060A5C5 /* Frameworks */,
				25160E75145651060060A5C5 /* Resources */,
				250CA67F147D8EEC0047D347 /* CopyFiles */,
				25160E76145651060060A5C5 /* ShellScript */,
			);
			buildRules = (
			);
			dependencies = (
				25160E7C145651060060A5C5 /* PBXTargetDependency */,
			);
			name = RestKitFrameworkTests;
			productName = RestKitFrameworkTests;
			productReference = 25160E78145651060060A5C5 /* RestKitFrameworkTests.octest */;
			productType = "com.apple.product-type.bundle";
		};
/* End PBXNativeTarget section */

/* Begin PBXProject section */
		25160D0D14564E810060A5C5 /* Project object */ = {
			isa = PBXProject;
			attributes = {
				LastUpgradeCheck = 0450;
				ORGANIZATIONNAME = RestKit;
			};
			buildConfigurationList = 25160D1014564E810060A5C5 /* Build configuration list for PBXProject "RestKit" */;
			compatibilityVersion = "Xcode 3.2";
			developmentRegion = English;
			hasScannedForEncodings = 0;
			knownRegions = (
				en,
			);
			mainGroup = 25160D0B14564E810060A5C5;
			productRefGroup = 25160D1714564E810060A5C5 /* Products */;
			projectDirPath = "";
			projectRoot = "";
			targets = (
				25160D1514564E810060A5C5 /* RestKit */,
				25160D2514564E820060A5C5 /* RestKitTests */,
				25160E61145651060060A5C5 /* RestKitFramework */,
				25160E77145651060060A5C5 /* RestKitFrameworkTests */,
			);
		};
/* End PBXProject section */

/* Begin PBXResourcesBuildPhase section */
		25160D2314564E820060A5C5 /* Resources */ = {
			isa = PBXResourcesBuildPhase;
			buildActionMask = 2147483647;
			files = (
			);
			runOnlyForDeploymentPostprocessing = 0;
		};
		25160E60145651060060A5C5 /* Resources */ = {
			isa = PBXResourcesBuildPhase;
			buildActionMask = 2147483647;
			files = (
			);
			runOnlyForDeploymentPostprocessing = 0;
		};
		25160E75145651060060A5C5 /* Resources */ = {
			isa = PBXResourcesBuildPhase;
			buildActionMask = 2147483647;
			files = (
			);
			runOnlyForDeploymentPostprocessing = 0;
		};
/* End PBXResourcesBuildPhase section */

/* Begin PBXShellScriptBuildPhase section */
		25160D2414564E820060A5C5 /* ShellScript */ = {
			isa = PBXShellScriptBuildPhase;
			buildActionMask = 2147483647;
			files = (
			);
			inputPaths = (
			);
			outputPaths = (
			);
			runOnlyForDeploymentPostprocessing = 0;
			shellPath = /bin/sh;
			shellScript = "# Run the unit tests in this test bundle.\n#\"${SYSTEM_DEVELOPER_DIR}/Tools/RunUnitTests\"\n\n# Run the unit tests in this test bundle.\n\"${SRCROOT}/Tests/RunPlatformUnitTests\"";
		};
		25160E76145651060060A5C5 /* ShellScript */ = {
			isa = PBXShellScriptBuildPhase;
			buildActionMask = 2147483647;
			files = (
			);
			inputPaths = (
			);
			outputPaths = (
			);
			runOnlyForDeploymentPostprocessing = 0;
			shellPath = /bin/sh;
			shellScript = "# Run the unit tests in this test bundle.\n\"${SYSTEM_DEVELOPER_DIR}/Tools/RunUnitTests\"\n";
		};
		3C370E847BC64BFF860179FA /* Copy Pods Resources */ = {
			isa = PBXShellScriptBuildPhase;
			buildActionMask = 2147483647;
			files = (
			);
			inputPaths = (
			);
			name = "Copy Pods Resources";
			outputPaths = (
			);
			runOnlyForDeploymentPostprocessing = 0;
			shellPath = /bin/sh;
			shellScript = "\"${SRCROOT}/Pods/Pods-resources.sh\"\n";
		};
/* End PBXShellScriptBuildPhase section */

/* Begin PBXSourcesBuildPhase section */
		25160D1214564E810060A5C5 /* Sources */ = {
			isa = PBXSourcesBuildPhase;
			buildActionMask = 2147483647;
			files = (
				08C71B76164ACFEB001C0B80 /* RKDynamicObjectMapping.m in Sources */,
				08C71B7C164ACFEB001C0B80 /* RKDynamicObjectMappingMatcher.m in Sources */,
				08C71B82164ACFEB001C0B80 /* RKErrorMessage.m in Sources */,
				08C71B8A164ACFEB001C0B80 /* RKMappingOperationQueue.m in Sources */,
				08C71B90164ACFEB001C0B80 /* RKObjectAttributeMapping.m in Sources */,
				08C71B96164ACFEB001C0B80 /* RKObjectMapper.m in Sources */,
				08C71BA0164ACFEB001C0B80 /* RKObjectMapping.m in Sources */,
				08C71BA6164ACFEB001C0B80 /* RKObjectMappingDefinition.m in Sources */,
				08C71BAC164ACFEB001C0B80 /* RKObjectMappingOperation.m in Sources */,
				08C71BB4164ACFEB001C0B80 /* RKObjectMappingProvider.m in Sources */,
				08C71BBA164ACFEB001C0B80 /* RKObjectMappingProviderContextEntry.m in Sources */,
				08C71BC0164ACFEB001C0B80 /* RKObjectMappingResult.m in Sources */,
				08C71BC6164ACFEB001C0B80 /* RKObjectPropertyInspector.m in Sources */,
				08C71BCC164ACFEB001C0B80 /* RKObjectRelationshipMapping.m in Sources */,
				08C71BD2164ACFEB001C0B80 /* RKObjectSerializer.m in Sources */,
				08C71BD8164ACFEB001C0B80 /* RKParserRegistry.m in Sources */,
				08C71BDE164ACFEB001C0B80 /* NSDictionary+RKAdditions.m in Sources */,
				08C71BE4164ACFEB001C0B80 /* NSString+RKAdditions.m in Sources */,
				08C71BF0164ACFEB001C0B80 /* RKDotNetDateFormatter.m in Sources */,
				08C71BF6164ACFEB001C0B80 /* RKErrors.m in Sources */,
				08C71BFE164ACFEB001C0B80 /* RKISO8601DateFormatter.m in Sources */,
				08C71C04164ACFEB001C0B80 /* RKMIMETypes.m in Sources */,
				08C71C0C164ACFEB001C0B80 /* RKPathMatcher.m in Sources */,
				08C71C17164AD11D001C0B80 /* RKOrderedDictionary.m in Sources */,
				0873FF49164AFFB1002323AA /* AbstractMappableObject.m in Sources */,
				0873FF57164B084C002323AA /* RKJSONParserNSJSON.m in Sources */,
			);
			runOnlyForDeploymentPostprocessing = 0;
		};
		25160D2114564E820060A5C5 /* Sources */ = {
			isa = PBXSourcesBuildPhase;
			buildActionMask = 2147483647;
			files = (
				08C71B77164ACFEB001C0B80 /* RKDynamicObjectMapping.m in Sources */,
				08C71B7D164ACFEB001C0B80 /* RKDynamicObjectMappingMatcher.m in Sources */,
				08C71B83164ACFEB001C0B80 /* RKErrorMessage.m in Sources */,
				08C71B8B164ACFEB001C0B80 /* RKMappingOperationQueue.m in Sources */,
				08C71B91164ACFEB001C0B80 /* RKObjectAttributeMapping.m in Sources */,
				08C71B97164ACFEB001C0B80 /* RKObjectMapper.m in Sources */,
				08C71BA1164ACFEB001C0B80 /* RKObjectMapping.m in Sources */,
				08C71BA7164ACFEB001C0B80 /* RKObjectMappingDefinition.m in Sources */,
				08C71BAD164ACFEB001C0B80 /* RKObjectMappingOperation.m in Sources */,
				08C71BB5164ACFEB001C0B80 /* RKObjectMappingProvider.m in Sources */,
				08C71BBB164ACFEB001C0B80 /* RKObjectMappingProviderContextEntry.m in Sources */,
				08C71BC1164ACFEB001C0B80 /* RKObjectMappingResult.m in Sources */,
				08C71BC7164ACFEB001C0B80 /* RKObjectPropertyInspector.m in Sources */,
				08C71BCD164ACFEB001C0B80 /* RKObjectRelationshipMapping.m in Sources */,
				08C71BD3164ACFEB001C0B80 /* RKObjectSerializer.m in Sources */,
				08C71BD9164ACFEB001C0B80 /* RKParserRegistry.m in Sources */,
				08C71BDF164ACFEB001C0B80 /* NSDictionary+RKAdditions.m in Sources */,
				08C71BE5164ACFEB001C0B80 /* NSString+RKAdditions.m in Sources */,
				08C71BF1164ACFEB001C0B80 /* RKDotNetDateFormatter.m in Sources */,
				08C71BF7164ACFEB001C0B80 /* RKErrors.m in Sources */,
				08C71BFF164ACFEB001C0B80 /* RKISO8601DateFormatter.m in Sources */,
				08C71C05164ACFEB001C0B80 /* RKMIMETypes.m in Sources */,
				08C71C0D164ACFEB001C0B80 /* RKPathMatcher.m in Sources */,
				08C71C18164AD11D001C0B80 /* RKOrderedDictionary.m in Sources */,
				0873FF4A164AFFB1002323AA /* AbstractMappableObject.m in Sources */,
				0873FF58164B084C002323AA /* RKJSONParserNSJSON.m in Sources */,
			);
			runOnlyForDeploymentPostprocessing = 0;
		};
		25160E5D145651060060A5C5 /* Sources */ = {
			isa = PBXSourcesBuildPhase;
			buildActionMask = 2147483647;
			files = (
				08C71B78164ACFEB001C0B80 /* RKDynamicObjectMapping.m in Sources */,
				08C71B7E164ACFEB001C0B80 /* RKDynamicObjectMappingMatcher.m in Sources */,
				08C71B84164ACFEB001C0B80 /* RKErrorMessage.m in Sources */,
				08C71B8C164ACFEB001C0B80 /* RKMappingOperationQueue.m in Sources */,
				08C71B92164ACFEB001C0B80 /* RKObjectAttributeMapping.m in Sources */,
				08C71B98164ACFEB001C0B80 /* RKObjectMapper.m in Sources */,
				08C71BA2164ACFEB001C0B80 /* RKObjectMapping.m in Sources */,
				08C71BA8164ACFEB001C0B80 /* RKObjectMappingDefinition.m in Sources */,
				08C71BAE164ACFEB001C0B80 /* RKObjectMappingOperation.m in Sources */,
				08C71BB6164ACFEB001C0B80 /* RKObjectMappingProvider.m in Sources */,
				08C71BBC164ACFEB001C0B80 /* RKObjectMappingProviderContextEntry.m in Sources */,
				08C71BC2164ACFEB001C0B80 /* RKObjectMappingResult.m in Sources */,
				08C71BC8164ACFEB001C0B80 /* RKObjectPropertyInspector.m in Sources */,
				08C71BCE164ACFEB001C0B80 /* RKObjectRelationshipMapping.m in Sources */,
				08C71BD4164ACFEB001C0B80 /* RKObjectSerializer.m in Sources */,
				08C71BDA164ACFEB001C0B80 /* RKParserRegistry.m in Sources */,
				08C71BE0164ACFEB001C0B80 /* NSDictionary+RKAdditions.m in Sources */,
				08C71BE6164ACFEB001C0B80 /* NSString+RKAdditions.m in Sources */,
				08C71BF2164ACFEB001C0B80 /* RKDotNetDateFormatter.m in Sources */,
				08C71BF8164ACFEB001C0B80 /* RKErrors.m in Sources */,
				08C71C00164ACFEB001C0B80 /* RKISO8601DateFormatter.m in Sources */,
				08C71C06164ACFEB001C0B80 /* RKMIMETypes.m in Sources */,
				08C71C0E164ACFEB001C0B80 /* RKPathMatcher.m in Sources */,
				08C71C19164AD11D001C0B80 /* RKOrderedDictionary.m in Sources */,
				0873FF4B164AFFB1002323AA /* AbstractMappableObject.m in Sources */,
				0873FF59164B084C002323AA /* RKJSONParserNSJSON.m in Sources */,
			);
			runOnlyForDeploymentPostprocessing = 0;
		};
		25160E73145651060060A5C5 /* Sources */ = {
			isa = PBXSourcesBuildPhase;
			buildActionMask = 2147483647;
			files = (
				08C71B79164ACFEB001C0B80 /* RKDynamicObjectMapping.m in Sources */,
				08C71B7F164ACFEB001C0B80 /* RKDynamicObjectMappingMatcher.m in Sources */,
				08C71B85164ACFEB001C0B80 /* RKErrorMessage.m in Sources */,
				08C71B8D164ACFEB001C0B80 /* RKMappingOperationQueue.m in Sources */,
				08C71B93164ACFEB001C0B80 /* RKObjectAttributeMapping.m in Sources */,
				08C71B99164ACFEB001C0B80 /* RKObjectMapper.m in Sources */,
				08C71BA3164ACFEB001C0B80 /* RKObjectMapping.m in Sources */,
				08C71BA9164ACFEB001C0B80 /* RKObjectMappingDefinition.m in Sources */,
				08C71BAF164ACFEB001C0B80 /* RKObjectMappingOperation.m in Sources */,
				08C71BB7164ACFEB001C0B80 /* RKObjectMappingProvider.m in Sources */,
				08C71BBD164ACFEB001C0B80 /* RKObjectMappingProviderContextEntry.m in Sources */,
				08C71BC3164ACFEB001C0B80 /* RKObjectMappingResult.m in Sources */,
				08C71BC9164ACFEB001C0B80 /* RKObjectPropertyInspector.m in Sources */,
				08C71BCF164ACFEB001C0B80 /* RKObjectRelationshipMapping.m in Sources */,
				08C71BD5164ACFEB001C0B80 /* RKObjectSerializer.m in Sources */,
				08C71BDB164ACFEB001C0B80 /* RKParserRegistry.m in Sources */,
				08C71BE1164ACFEB001C0B80 /* NSDictionary+RKAdditions.m in Sources */,
				08C71BE7164ACFEB001C0B80 /* NSString+RKAdditions.m in Sources */,
				08C71BF3164ACFEB001C0B80 /* RKDotNetDateFormatter.m in Sources */,
				08C71BF9164ACFEB001C0B80 /* RKErrors.m in Sources */,
				08C71C01164ACFEB001C0B80 /* RKISO8601DateFormatter.m in Sources */,
				08C71C07164ACFEB001C0B80 /* RKMIMETypes.m in Sources */,
				08C71C0F164ACFEB001C0B80 /* RKPathMatcher.m in Sources */,
				08C71C1A164AD11D001C0B80 /* RKOrderedDictionary.m in Sources */,
				0873FF4C164AFFB1002323AA /* AbstractMappableObject.m in Sources */,
				0873FF5A164B084C002323AA /* RKJSONParserNSJSON.m in Sources */,
			);
			runOnlyForDeploymentPostprocessing = 0;
		};
/* End PBXSourcesBuildPhase section */

/* Begin PBXTargetDependency section */
		25160D2D14564E820060A5C5 /* PBXTargetDependency */ = {
			isa = PBXTargetDependency;
			target = 25160D1514564E810060A5C5 /* RestKit */;
			targetProxy = 25160D2C14564E820060A5C5 /* PBXContainerItemProxy */;
		};
		25160E7C145651060060A5C5 /* PBXTargetDependency */ = {
			isa = PBXTargetDependency;
			target = 25160E61145651060060A5C5 /* RestKitFramework */;
			targetProxy = 25160E7B145651060060A5C5 /* PBXContainerItemProxy */;
		};
/* End PBXTargetDependency section */

/* Begin XCBuildConfiguration section */
		25160D3814564E820060A5C5 /* Debug */ = {
			isa = XCBuildConfiguration;
			buildSettings = {
				ALWAYS_SEARCH_USER_PATHS = NO;
				ARCHS = "$(ARCHS_STANDARD_32_BIT)";
				COPY_PHASE_STRIP = NO;
				GCC_C_LANGUAGE_STANDARD = gnu99;
				GCC_DYNAMIC_NO_PIC = NO;
				GCC_OPTIMIZATION_LEVEL = 0;
				GCC_PREPROCESSOR_DEFINITIONS = (
					"DEBUG=1",
					"$(inherited)",
				);
				GCC_SYMBOLS_PRIVATE_EXTERN = NO;
				GCC_VERSION = com.apple.compilers.llvm.clang.1_0;
				GCC_WARN_ABOUT_MISSING_PROTOTYPES = YES;
				GCC_WARN_ABOUT_RETURN_TYPE = YES;
				GCC_WARN_UNUSED_VARIABLE = YES;
				IPHONEOS_DEPLOYMENT_TARGET = 5.0;
				SDKROOT = iphoneos;
			};
			name = Debug;
		};
		25160D3914564E820060A5C5 /* Release */ = {
			isa = XCBuildConfiguration;
			buildSettings = {
				ALWAYS_SEARCH_USER_PATHS = NO;
				ARCHS = "$(ARCHS_STANDARD_32_BIT)";
				COPY_PHASE_STRIP = YES;
				GCC_C_LANGUAGE_STANDARD = gnu99;
				GCC_VERSION = com.apple.compilers.llvm.clang.1_0;
				GCC_WARN_ABOUT_MISSING_PROTOTYPES = YES;
				GCC_WARN_ABOUT_RETURN_TYPE = YES;
				GCC_WARN_UNUSED_VARIABLE = YES;
				IPHONEOS_DEPLOYMENT_TARGET = 5.0;
				SDKROOT = iphoneos;
				VALIDATE_PRODUCT = YES;
			};
			name = Release;
		};
		25160D3B14564E820060A5C5 /* Debug */ = {
			isa = XCBuildConfiguration;
			baseConfigurationReference = 738F3A6E1D1248B587E75D55 /* Pods.xcconfig */;
			buildSettings = {
				"ARCHS[sdk=iphoneos*]" = (
					armv6,
					armv7,
				);
				"ARCHS[sdk=iphoneos6.0]" = "$(ARCHS_STANDARD_32_BIT)";
				GCC_PRECOMPILE_PREFIX_HEADER = YES;
				GCC_PREFIX_HEADER = "Code/Support/RestKit-Prefix.pch";
				IPHONEOS_DEPLOYMENT_TARGET = 4.0;
				PRIVATE_HEADERS_FOLDER_PATH = "$(PUBLIC_HEADERS_FOLDER_PATH)/Private";
				PRODUCT_NAME = "$(TARGET_NAME)";
				PUBLIC_HEADERS_FOLDER_PATH = ../../Headers/RestKit;
				SKIP_INSTALL = YES;
			};
			name = Debug;
		};
		25160D3C14564E820060A5C5 /* Release */ = {
			isa = XCBuildConfiguration;
			baseConfigurationReference = 738F3A6E1D1248B587E75D55 /* Pods.xcconfig */;
			buildSettings = {
				"ARCHS[sdk=iphoneos*]" = (
					armv6,
					armv7,
				);
				"ARCHS[sdk=iphoneos6.0]" = "$(ARCHS_STANDARD_32_BIT)";
				GCC_PRECOMPILE_PREFIX_HEADER = YES;
				GCC_PREFIX_HEADER = "Code/Support/RestKit-Prefix.pch";
				IPHONEOS_DEPLOYMENT_TARGET = 4.0;
				PRIVATE_HEADERS_FOLDER_PATH = "$(PUBLIC_HEADERS_FOLDER_PATH)/Private";
				PRODUCT_NAME = "$(TARGET_NAME)";
				PUBLIC_HEADERS_FOLDER_PATH = ../../Headers/RestKit;
				SKIP_INSTALL = YES;
			};
			name = Release;
		};
		25160D3E14564E820060A5C5 /* Debug */ = {
			isa = XCBuildConfiguration;
			baseConfigurationReference = 738F3A6E1D1248B587E75D55 /* Pods.xcconfig */;
			buildSettings = {
				FRAMEWORK_SEARCH_PATHS = (
					"\"$(SDKROOT)/Developer/Library/Frameworks\"",
					"\"$(DEVELOPER_LIBRARY_DIR)/Frameworks\"",
					"\"$(SRCROOT)/Tests/Vendor\"",
					"\"$(SRCROOT)/Tests/Vendor/OCHamcrest\"",
				);
				GCC_PRECOMPILE_PREFIX_HEADER = YES;
				GCC_PREFIX_HEADER = "Code/Support/RestKit-Prefix.pch";
				INFOPLIST_FILE = "Resources/PLISTs/RestKitTests-Info.plist";
				OBJROOT = "$(SRCROOT)/Build";
				PRODUCT_NAME = "$(TARGET_NAME)";
				SYMROOT = "$(SRCROOT)/Build/Products";
				WRAPPER_EXTENSION = octest;
			};
			name = Debug;
		};
		25160D3F14564E820060A5C5 /* Release */ = {
			isa = XCBuildConfiguration;
			baseConfigurationReference = 738F3A6E1D1248B587E75D55 /* Pods.xcconfig */;
			buildSettings = {
				FRAMEWORK_SEARCH_PATHS = (
					"\"$(SDKROOT)/Developer/Library/Frameworks\"",
					"\"$(DEVELOPER_LIBRARY_DIR)/Frameworks\"",
					"\"$(SRCROOT)/Tests/Vendor\"",
					"\"$(SRCROOT)/Tests/Vendor/OCHamcrest\"",
				);
				GCC_PRECOMPILE_PREFIX_HEADER = YES;
				GCC_PREFIX_HEADER = "Code/Support/RestKit-Prefix.pch";
				INFOPLIST_FILE = "Resources/PLISTs/RestKitTests-Info.plist";
				OBJROOT = "$(SRCROOT)/Build";
				PRODUCT_NAME = "$(TARGET_NAME)";
				SYMROOT = "$(SRCROOT)/Build/Products";
				WRAPPER_EXTENSION = octest;
			};
			name = Release;
		};
		25160E88145651060060A5C5 /* Debug */ = {
			isa = XCBuildConfiguration;
			baseConfigurationReference = 738F3A6E1D1248B587E75D55 /* Pods.xcconfig */;
			buildSettings = {
				ARCHS = "$(ARCHS_STANDARD_64_BIT)";
				COMBINE_HIDPI_IMAGES = YES;
				DYLIB_COMPATIBILITY_VERSION = 1;
				DYLIB_CURRENT_VERSION = 1;
				FRAMEWORK_VERSION = A;
				GCC_ENABLE_OBJC_EXCEPTIONS = YES;
				GCC_PRECOMPILE_PREFIX_HEADER = YES;
				GCC_PREFIX_HEADER = "Code/Support/RestKit-Prefix.pch";
				GCC_WARN_64_TO_32_BIT_CONVERSION = YES;
				INFOPLIST_FILE = "Resources/PLISTs/RestKitFramework-Info.plist";
				INSTALL_PATH = "@executable_path/../Frameworks";
				MACOSX_DEPLOYMENT_TARGET = 10.7;
				ONLY_ACTIVE_ARCH = YES;
				PRODUCT_NAME = RestKit;
				SDKROOT = macosx;
				SKIP_INSTALL = YES;
				WRAPPER_EXTENSION = framework;
			};
			name = Debug;
		};
		25160E89145651060060A5C5 /* Release */ = {
			isa = XCBuildConfiguration;
			baseConfigurationReference = 738F3A6E1D1248B587E75D55 /* Pods.xcconfig */;
			buildSettings = {
				ARCHS = "$(ARCHS_STANDARD_64_BIT)";
				COMBINE_HIDPI_IMAGES = YES;
				DEBUG_INFORMATION_FORMAT = "dwarf-with-dsym";
				DYLIB_COMPATIBILITY_VERSION = 1;
				DYLIB_CURRENT_VERSION = 1;
				FRAMEWORK_VERSION = A;
				GCC_ENABLE_OBJC_EXCEPTIONS = YES;
				GCC_PRECOMPILE_PREFIX_HEADER = YES;
				GCC_PREFIX_HEADER = "Code/Support/RestKit-Prefix.pch";
				GCC_WARN_64_TO_32_BIT_CONVERSION = YES;
				INFOPLIST_FILE = "Resources/PLISTs/RestKitFramework-Info.plist";
				INSTALL_PATH = "@executable_path/../Frameworks";
				MACOSX_DEPLOYMENT_TARGET = 10.7;
				PRODUCT_NAME = RestKit;
				SDKROOT = macosx;
				SKIP_INSTALL = YES;
				WRAPPER_EXTENSION = framework;
			};
			name = Release;
		};
		25160E8B145651060060A5C5 /* Debug */ = {
			isa = XCBuildConfiguration;
			baseConfigurationReference = 738F3A6E1D1248B587E75D55 /* Pods.xcconfig */;
			buildSettings = {
				ARCHS = "$(ARCHS_STANDARD_64_BIT)";
				COMBINE_HIDPI_IMAGES = YES;
				FRAMEWORK_SEARCH_PATHS = (
					"\"$(DEVELOPER_LIBRARY_DIR)/Frameworks\"",
					"\"$(SRCROOT)/Tests/Vendor\"",
					"\"$(SRCROOT)/Tests/Vendor/OCHamcrest\"",
				);
				GCC_ENABLE_OBJC_EXCEPTIONS = YES;
				GCC_PRECOMPILE_PREFIX_HEADER = YES;
				GCC_PREFIX_HEADER = "Code/Support/RestKit-Prefix.pch";
				GCC_WARN_64_TO_32_BIT_CONVERSION = YES;
				HEADER_SEARCH_PATHS = "\"$(SRCROOT)/Tests/Vendor/OCMock\"";
				INFOPLIST_FILE = "Resources/PLISTs/RestKitFrameworkTests-Info.plist";
				LIBRARY_SEARCH_PATHS = (
					"$(inherited)",
					"\"$(SRCROOT)/Tests/Vendor/OCMock\"",
				);
				MACOSX_DEPLOYMENT_TARGET = 10.7;
				ONLY_ACTIVE_ARCH = YES;
				PRODUCT_NAME = "$(TARGET_NAME)";
				SDKROOT = macosx;
				WRAPPER_EXTENSION = octest;
			};
			name = Debug;
		};
		25160E8C145651060060A5C5 /* Release */ = {
			isa = XCBuildConfiguration;
			baseConfigurationReference = 738F3A6E1D1248B587E75D55 /* Pods.xcconfig */;
			buildSettings = {
				ARCHS = "$(ARCHS_STANDARD_64_BIT)";
				COMBINE_HIDPI_IMAGES = YES;
				DEBUG_INFORMATION_FORMAT = "dwarf-with-dsym";
				FRAMEWORK_SEARCH_PATHS = (
					"\"$(DEVELOPER_LIBRARY_DIR)/Frameworks\"",
					"\"$(SRCROOT)/Tests/Vendor\"",
					"\"$(SRCROOT)/Tests/Vendor/OCHamcrest\"",
				);
				GCC_ENABLE_OBJC_EXCEPTIONS = YES;
				GCC_PRECOMPILE_PREFIX_HEADER = YES;
				GCC_PREFIX_HEADER = "Code/Support/RestKit-Prefix.pch";
				GCC_WARN_64_TO_32_BIT_CONVERSION = YES;
				HEADER_SEARCH_PATHS = "\"$(SRCROOT)/Tests/Vendor/OCMock\"";
				INFOPLIST_FILE = "Resources/PLISTs/RestKitFrameworkTests-Info.plist";
				LIBRARY_SEARCH_PATHS = (
					"$(inherited)",
					"\"$(SRCROOT)/Tests/Vendor/OCMock\"",
				);
				MACOSX_DEPLOYMENT_TARGET = 10.7;
				PRODUCT_NAME = "$(TARGET_NAME)";
				SDKROOT = macosx;
				WRAPPER_EXTENSION = octest;
			};
			name = Release;
		};
/* End XCBuildConfiguration section */

/* Begin XCConfigurationList section */
		25160D1014564E810060A5C5 /* Build configuration list for PBXProject "RestKit" */ = {
			isa = XCConfigurationList;
			buildConfigurations = (
				25160D3814564E820060A5C5 /* Debug */,
				25160D3914564E820060A5C5 /* Release */,
			);
			defaultConfigurationIsVisible = 0;
			defaultConfigurationName = Release;
		};
		25160D3A14564E820060A5C5 /* Build configuration list for PBXNativeTarget "RestKit" */ = {
			isa = XCConfigurationList;
			buildConfigurations = (
				25160D3B14564E820060A5C5 /* Debug */,
				25160D3C14564E820060A5C5 /* Release */,
			);
			defaultConfigurationIsVisible = 0;
			defaultConfigurationName = Release;
		};
		25160D3D14564E820060A5C5 /* Build configuration list for PBXNativeTarget "RestKitTests" */ = {
			isa = XCConfigurationList;
			buildConfigurations = (
				25160D3E14564E820060A5C5 /* Debug */,
				25160D3F14564E820060A5C5 /* Release */,
			);
			defaultConfigurationIsVisible = 0;
			defaultConfigurationName = Release;
		};
		25160E87145651060060A5C5 /* Build configuration list for PBXNativeTarget "RestKitFramework" */ = {
			isa = XCConfigurationList;
			buildConfigurations = (
				25160E88145651060060A5C5 /* Debug */,
				25160E89145651060060A5C5 /* Release */,
			);
			defaultConfigurationIsVisible = 0;
			defaultConfigurationName = Release;
		};
		25160E8A145651060060A5C5 /* Build configuration list for PBXNativeTarget "RestKitFrameworkTests" */ = {
			isa = XCConfigurationList;
			buildConfigurations = (
				25160E8B145651060060A5C5 /* Debug */,
				25160E8C145651060060A5C5 /* Release */,
			);
			defaultConfigurationIsVisible = 0;
			defaultConfigurationName = Release;
		};
/* End XCConfigurationList section */
	};
	rootObject = 25160D0D14564E810060A5C5 /* Project object */;
}
